// !$*UTF8*$!
{
	archiveVersion = 1;
	classes = {
	};
	objectVersion = 52;
	objects = {

/* Begin PBXBuildFile section */
		CE2AC0582619673E00317DA3 /* BookTests.swift in Sources */ = {isa = PBXBuildFile; fileRef = CE2AC0572619673E00317DA3 /* BookTests.swift */; };
		CE30280A25305AA000986C9A /* AppDelegate.swift in Sources */ = {isa = PBXBuildFile; fileRef = CE30280925305AA000986C9A /* AppDelegate.swift */; };
		CE30281025305AA200986C9A /* Assets.xcassets in Resources */ = {isa = PBXBuildFile; fileRef = CE30280F25305AA200986C9A /* Assets.xcassets */; };
		CE30281325305AA200986C9A /* Main.storyboard in Resources */ = {isa = PBXBuildFile; fileRef = CE30281125305AA200986C9A /* Main.storyboard */; };
		CE38431B25F4E19500262E4E /* FilterList.storyboard in Resources */ = {isa = PBXBuildFile; fileRef = CE38431D25F4E19500262E4E /* FilterList.storyboard */; };
		CE4309572904E85B00560957 /* Realm+ThreadLocal.swift in Sources */ = {isa = PBXBuildFile; fileRef = CE4309562904E85B00560957 /* Realm+ThreadLocal.swift */; };
		CE46413C25EA19A7004F0F0D /* PageOrder.swift in Sources */ = {isa = PBXBuildFile; fileRef = CE34A41825BC105800B4C0B5 /* PageOrder.swift */; };
		CE4641AA25EA7F33004F0F0D /* RxRealm in Frameworks */ = {isa = PBXBuildFile; productRef = CE4641A925EA7F33004F0F0D /* RxRealm */; };
		CE4641B025EA7F79004F0F0D /* RxCocoa in Frameworks */ = {isa = PBXBuildFile; productRef = CE4641AF25EA7F79004F0F0D /* RxCocoa */; };
		CE4641B225EA7F79004F0F0D /* RxSwift in Frameworks */ = {isa = PBXBuildFile; productRef = CE4641B125EA7F79004F0F0D /* RxSwift */; };
		CE4641B625EA7F91004F0F0D /* RxCocoa in Frameworks */ = {isa = PBXBuildFile; productRef = CE4641B525EA7F91004F0F0D /* RxCocoa */; };
		CE4641B825EA7F91004F0F0D /* RxSwift in Frameworks */ = {isa = PBXBuildFile; productRef = CE4641B725EA7F91004F0F0D /* RxSwift */; };
		CE4641CA25EB6E45004F0F0D /* CollectionOrder.swift in Sources */ = {isa = PBXBuildFile; fileRef = CE4641C925EB6E45004F0F0D /* CollectionOrder.swift */; };
		CE654D762537E9530051D575 /* Credits.rtf in Resources */ = {isa = PBXBuildFile; fileRef = CE654D752537E9520051D575 /* Credits.rtf */; };
		CE7A1C58271A7B9800177824 /* SevenZipArchiver.swift in Sources */ = {isa = PBXBuildFile; fileRef = CE7A1C57271A7B9800177824 /* SevenZipArchiver.swift */; };
		CE7CD508256A0B7B00C97167 /* Collection.swift in Sources */ = {isa = PBXBuildFile; fileRef = CE7CD507256A0B7B00C97167 /* Collection.swift */; };
		CE9DCB7E256A94C90024FB1B /* InfoPlist.strings in Resources */ = {isa = PBXBuildFile; fileRef = CE9DCB7C256A94C90024FB1B /* InfoPlist.strings */; };
		CE9DCB8B256B610D0024FB1B /* NSOutlineView+Realm.swift in Sources */ = {isa = PBXBuildFile; fileRef = CE9DCB8A256B610D0024FB1B /* NSOutlineView+Realm.swift */; };
		CE9DCB9625720C490024FB1B /* CollectionContent.swift in Sources */ = {isa = PBXBuildFile; fileRef = CE9DCB9525720C490024FB1B /* CollectionContent.swift */; };
		CE9DCB9E25722DA80024FB1B /* CollectionContentTests.swift in Sources */ = {isa = PBXBuildFile; fileRef = CE9DCB9D25722DA80024FB1B /* CollectionContentTests.swift */; };
		CE9DCC2425730EC30024FB1B /* LICENSE in Resources */ = {isa = PBXBuildFile; fileRef = CE9DCC2325730EC30024FB1B /* LICENSE */; };
		CE9EE5E22532C49400B5AF5C /* BookWindowController.swift in Sources */ = {isa = PBXBuildFile; fileRef = CE9EE5E12532C49400B5AF5C /* BookWindowController.swift */; };
		CE9EE62825330EE100B5AF5C /* ImageCache.swift in Sources */ = {isa = PBXBuildFile; fileRef = CE9EE62725330EE100B5AF5C /* ImageCache.swift */; };
		CE9EE63C2534A71200B5AF5C /* SpreadPageViewController.swift in Sources */ = {isa = PBXBuildFile; fileRef = CE9EE63B2534A71200B5AF5C /* SpreadPageViewController.swift */; };
		CE9FB339258EF8E000AE8F7A /* Swiftra in Frameworks */ = {isa = PBXBuildFile; productRef = CE9FB338258EF8E000AE8F7A /* Swiftra */; };
		CEA6F695254EEFD800C50318 /* ProgressViewController.swift in Sources */ = {isa = PBXBuildFile; fileRef = CEA6F693254EEFD800C50318 /* ProgressViewController.swift */; };
		CEA6F69E2550FA1300C50318 /* NSTableView+Realm.swift in Sources */ = {isa = PBXBuildFile; fileRef = CEA6F69D2550FA1300C50318 /* NSTableView+Realm.swift */; };
		CEA6F6B625543B3400C50318 /* MainStackViewController.swift in Sources */ = {isa = PBXBuildFile; fileRef = CEA6F6B525543B3400C50318 /* MainStackViewController.swift */; };
		CEA99440255FD6D000B8BCC6 /* CollectionViewHeaderView.swift in Sources */ = {isa = PBXBuildFile; fileRef = CEA9943F255FD6D000B8BCC6 /* CollectionViewHeaderView.swift */; };
		CEA99445255FD6DF00B8BCC6 /* CollectionViewHeaderView.xib in Resources */ = {isa = PBXBuildFile; fileRef = CEA99444255FD6DF00B8BCC6 /* CollectionViewHeaderView.xib */; };
		CEA994592560D9A500B8BCC6 /* ProgressViewController.xib in Resources */ = {isa = PBXBuildFile; fileRef = CEA9945B2560D9A500B8BCC6 /* ProgressViewController.xib */; };
		CEA994862560E06400B8BCC6 /* Localizable.strings in Resources */ = {isa = PBXBuildFile; fileRef = CEA994842560E06400B8BCC6 /* Localizable.strings */; };
		CEB2D9FC2539946D002C3F7E /* BookCollectionViewController.swift in Sources */ = {isa = PBXBuildFile; fileRef = CEB2D9FB2539946D002C3F7E /* BookCollectionViewController.swift */; };
		CEB2DA0425399693002C3F7E /* Book.swift in Sources */ = {isa = PBXBuildFile; fileRef = CEB2DA0325399693002C3F7E /* Book.swift */; };
		CEB2DA4A253E91AD002C3F7E /* FilterListViewController.swift in Sources */ = {isa = PBXBuildFile; fileRef = CEB2DA49253E91AC002C3F7E /* FilterListViewController.swift */; };
		CEB2DA52253E9384002C3F7E /* Filter.swift in Sources */ = {isa = PBXBuildFile; fileRef = CEB2DA51253E9384002C3F7E /* Filter.swift */; };
		CEB2DA62253EF85D002C3F7E /* Book.storyboard in Resources */ = {isa = PBXBuildFile; fileRef = CEB2DA64253EF85D002C3F7E /* Book.storyboard */; };
		CEB2DA69253FE6DB002C3F7E /* FilterListView.swift in Sources */ = {isa = PBXBuildFile; fileRef = CEB2DA68253FE6DB002C3F7E /* FilterListView.swift */; };
		CEC1EA00257514FA0052228E /* BookCollection.storyboard in Resources */ = {isa = PBXBuildFile; fileRef = CEC1EA02257514FA0052228E /* BookCollection.storyboard */; };
		CECC07192549C6C700CF56FA /* BookDocument.swift in Sources */ = {isa = PBXBuildFile; fileRef = CECC07172549C6C700CF56FA /* BookDocument.swift */; };
		CECC0740254E8D6200CF56FA /* Schema.swift in Sources */ = {isa = PBXBuildFile; fileRef = CECC073F254E8D6200CF56FA /* Schema.swift */; };
		CECD721B279470ED0059665C /* NSCollectionView+Realm.swift in Sources */ = {isa = PBXBuildFile; fileRef = CECD721A279470EC0059665C /* NSCollectionView+Realm.swift */; };
		CEE4D7C125E11B28003B8EB2 /* Shared.framework in Embed Frameworks */ = {isa = PBXBuildFile; fileRef = CEE4D7B925E11B28003B8EB2 /* Shared.framework */; settings = {ATTRIBUTES = (CodeSignOnCopy, RemoveHeadersOnCopy, ); }; };
		CEE4D7CA25E11B48003B8EB2 /* PdfArchiver.swift in Sources */ = {isa = PBXBuildFile; fileRef = CE34A40825BBD75F00B4C0B5 /* PdfArchiver.swift */; };
		CEE4D7CB25E11B48003B8EB2 /* RarArchiver.swift in Sources */ = {isa = PBXBuildFile; fileRef = CE34A40E25BBD8EA00B4C0B5 /* RarArchiver.swift */; };
		CEE4D7CC25E11B48003B8EB2 /* FolderArchiver.swift in Sources */ = {isa = PBXBuildFile; fileRef = CE34A40425BBC6E400B4C0B5 /* FolderArchiver.swift */; };
		CEE4D7CD25E11B48003B8EB2 /* ZipArchiver.swift in Sources */ = {isa = PBXBuildFile; fileRef = CE34A3FE25BBC5BA00B4C0B5 /* ZipArchiver.swift */; };
		CEE4D7CE25E11B48003B8EB2 /* Archiver.swift in Sources */ = {isa = PBXBuildFile; fileRef = CE34A3F825BBC45100B4C0B5 /* Archiver.swift */; };
		CEE4D7D225E11B81003B8EB2 /* ZIPFoundation in Frameworks */ = {isa = PBXBuildFile; productRef = CEE4D7D125E11B81003B8EB2 /* ZIPFoundation */; };
		CEE4D7D425E11B81003B8EB2 /* Unrar in Frameworks */ = {isa = PBXBuildFile; productRef = CEE4D7D325E11B81003B8EB2 /* Unrar */; };
		CEE4D7D525E11B89003B8EB2 /* PDFKit.framework in Frameworks */ = {isa = PBXBuildFile; fileRef = CECC072B2549CAFD00CF56FA /* PDFKit.framework */; };
		CEE4D7D625E11B91003B8EB2 /* Shared.framework in Frameworks */ = {isa = PBXBuildFile; fileRef = CEE4D7B925E11B28003B8EB2 /* Shared.framework */; };
		CEE4D7DB25E11BD7003B8EB2 /* ArchiverError.swift in Sources */ = {isa = PBXBuildFile; fileRef = CE296BEB2530722A00674C99 /* ArchiverError.swift */; };
		CEE4D7E125E11C13003B8EB2 /* Log.swift in Sources */ = {isa = PBXBuildFile; fileRef = CEE4D7E025E11C13003B8EB2 /* Log.swift */; };
		CEE4D7E525E11C23003B8EB2 /* XCGLogger in Frameworks */ = {isa = PBXBuildFile; productRef = CEE4D7E425E11C23003B8EB2 /* XCGLogger */; };
		CEE4D82525E23926003B8EB2 /* PreferencesViewController.swift in Sources */ = {isa = PBXBuildFile; fileRef = CEE4D82425E23926003B8EB2 /* PreferencesViewController.swift */; };
		CEE4D82F25E240B1003B8EB2 /* Preferences.swift in Sources */ = {isa = PBXBuildFile; fileRef = CEE4D82E25E240B1003B8EB2 /* Preferences.swift */; };
		CEE4D83425E245B1003B8EB2 /* Preferences.storyboard in Resources */ = {isa = PBXBuildFile; fileRef = CEE4D83625E245B1003B8EB2 /* Preferences.storyboard */; };
		CEE54750259F515400F9AA30 /* defaultThumbnail.jpg in Resources */ = {isa = PBXBuildFile; fileRef = CEE5474F259F515400F9AA30 /* defaultThumbnail.jpg */; };
		CEE9793425402BEA00A35C39 /* BookCollectionViewItem.swift in Sources */ = {isa = PBXBuildFile; fileRef = CEE9793225402BEA00A35C39 /* BookCollectionViewItem.swift */; };
		CEE9793525402BEA00A35C39 /* BookCollectionViewItem.xib in Resources */ = {isa = PBXBuildFile; fileRef = CEE9793325402BEA00A35C39 /* BookCollectionViewItem.xib */; };
		CEE9793D25403AD500A35C39 /* MainWindowController.swift in Sources */ = {isa = PBXBuildFile; fileRef = CEE9793C25403AD500A35C39 /* MainWindowController.swift */; };
		CEE9794D25417A9A00A35C39 /* NSImage+Resize.swift in Sources */ = {isa = PBXBuildFile; fileRef = CEE9794C25417A9A00A35C39 /* NSImage+Resize.swift */; };
		CEEBAE622721A25D0048034E /* SevenZip in Frameworks */ = {isa = PBXBuildFile; productRef = CEEBAE612721A25D0048034E /* SevenZip */; };
		CEEF12D72A4BD923008F22DC /* BookViewStyle.swift in Sources */ = {isa = PBXBuildFile; fileRef = CEEF12D62A4BD923008F22DC /* BookViewStyle.swift */; };
		CEEFC63B257C9590008D9636 /* WebSharing.swift in Sources */ = {isa = PBXBuildFile; fileRef = CEEFC63A257C9590008D9636 /* WebSharing.swift */; };
		CEEFC6622580F5DB008D9636 /* assets.zip in Resources */ = {isa = PBXBuildFile; fileRef = CEEFC6612580F5DB008D9636 /* assets.zip */; };
		CEEFC66B25810C24008D9636 /* WebSharingViewController.swift in Sources */ = {isa = PBXBuildFile; fileRef = CEEFC66925810C24008D9636 /* WebSharingViewController.swift */; };
		CEEFC6942583C91A008D9636 /* WebSharingViewController.xib in Resources */ = {isa = PBXBuildFile; fileRef = CEEFC6962583C91A008D9636 /* WebSharingViewController.xib */; };
		CEF8C98325E4E1E9005347BF /* Quartz.framework in Frameworks */ = {isa = PBXBuildFile; fileRef = CEF8C98225E4E1E9005347BF /* Quartz.framework */; };
		CEF8C98625E4E1E9005347BF /* PreviewViewController.swift in Sources */ = {isa = PBXBuildFile; fileRef = CEF8C98525E4E1E9005347BF /* PreviewViewController.swift */; };
		CEF8C98925E4E1E9005347BF /* PreviewViewController.xib in Resources */ = {isa = PBXBuildFile; fileRef = CEF8C98725E4E1E9005347BF /* PreviewViewController.xib */; };
		CEF8C98E25E4E1E9005347BF /* Fomalhaut2QuickLook.appex in Embed App Extensions */ = {isa = PBXBuildFile; fileRef = CEF8C98125E4E1E9005347BF /* Fomalhaut2QuickLook.appex */; settings = {ATTRIBUTES = (RemoveHeadersOnCopy, ); }; };
		CEF8C99625E4E1F6005347BF /* Shared.framework in Frameworks */ = {isa = PBXBuildFile; fileRef = CEE4D7B925E11B28003B8EB2 /* Shared.framework */; };
		CEF8C99725E4E1F6005347BF /* Shared.framework in Embed Frameworks */ = {isa = PBXBuildFile; fileRef = CEE4D7B925E11B28003B8EB2 /* Shared.framework */; settings = {ATTRIBUTES = (CodeSignOnCopy, RemoveHeadersOnCopy, ); }; };
		CEF8C9A725E4EC7D005347BF /* BookImageView.swift in Sources */ = {isa = PBXBuildFile; fileRef = CEE5475425A0AF4E00F9AA30 /* BookImageView.swift */; };
/* End PBXBuildFile section */

/* Begin PBXContainerItemProxy section */
		CE30281B25305AA200986C9A /* PBXContainerItemProxy */ = {
			isa = PBXContainerItemProxy;
			containerPortal = CE3027FE25305AA000986C9A /* Project object */;
			proxyType = 1;
			remoteGlobalIDString = CE30280525305AA000986C9A;
			remoteInfo = Fomalhaut2;
		};
		CEE4D7BE25E11B28003B8EB2 /* PBXContainerItemProxy */ = {
			isa = PBXContainerItemProxy;
			containerPortal = CE3027FE25305AA000986C9A /* Project object */;
			proxyType = 1;
			remoteGlobalIDString = CEE4D7B825E11B28003B8EB2;
			remoteInfo = Archiver;
		};
		CEF8C98C25E4E1E9005347BF /* PBXContainerItemProxy */ = {
			isa = PBXContainerItemProxy;
			containerPortal = CE3027FE25305AA000986C9A /* Project object */;
			proxyType = 1;
			remoteGlobalIDString = CEF8C98025E4E1E9005347BF;
			remoteInfo = Fomalhaut2QuickLook;
		};
		CEF8C99825E4E1F6005347BF /* PBXContainerItemProxy */ = {
			isa = PBXContainerItemProxy;
			containerPortal = CE3027FE25305AA000986C9A /* Project object */;
			proxyType = 1;
			remoteGlobalIDString = CEE4D7B825E11B28003B8EB2;
			remoteInfo = Shared;
		};
/* End PBXContainerItemProxy section */

/* Begin PBXCopyFilesBuildPhase section */
		CEE4D7C525E11B28003B8EB2 /* Embed Frameworks */ = {
			isa = PBXCopyFilesBuildPhase;
			buildActionMask = 2147483647;
			dstPath = "";
			dstSubfolderSpec = 10;
			files = (
				CEE4D7C125E11B28003B8EB2 /* Shared.framework in Embed Frameworks */,
			);
			name = "Embed Frameworks";
			runOnlyForDeploymentPostprocessing = 0;
		};
		CEF8C98F25E4E1E9005347BF /* Embed App Extensions */ = {
			isa = PBXCopyFilesBuildPhase;
			buildActionMask = 2147483647;
			dstPath = "";
			dstSubfolderSpec = 13;
			files = (
				CEF8C98E25E4E1E9005347BF /* Fomalhaut2QuickLook.appex in Embed App Extensions */,
			);
			name = "Embed App Extensions";
			runOnlyForDeploymentPostprocessing = 0;
		};
		CEF8C99A25E4E1F7005347BF /* Embed Frameworks */ = {
			isa = PBXCopyFilesBuildPhase;
			buildActionMask = 2147483647;
			dstPath = "";
			dstSubfolderSpec = 10;
			files = (
				CEF8C99725E4E1F6005347BF /* Shared.framework in Embed Frameworks */,
			);
			name = "Embed Frameworks";
			runOnlyForDeploymentPostprocessing = 0;
		};
/* End PBXCopyFilesBuildPhase section */

/* Begin PBXFileReference section */
		CE296BEB2530722A00674C99 /* ArchiverError.swift */ = {isa = PBXFileReference; lastKnownFileType = sourcecode.swift; path = ArchiverError.swift; sourceTree = "<group>"; };
		CE2AC0572619673E00317DA3 /* BookTests.swift */ = {isa = PBXFileReference; lastKnownFileType = sourcecode.swift; path = BookTests.swift; sourceTree = "<group>"; };
		CE30280625305AA000986C9A /* Fomalhaut2.app */ = {isa = PBXFileReference; explicitFileType = wrapper.application; includeInIndex = 0; path = Fomalhaut2.app; sourceTree = BUILT_PRODUCTS_DIR; };
		CE30280925305AA000986C9A /* AppDelegate.swift */ = {isa = PBXFileReference; lastKnownFileType = sourcecode.swift; path = AppDelegate.swift; sourceTree = "<group>"; };
		CE30280F25305AA200986C9A /* Assets.xcassets */ = {isa = PBXFileReference; lastKnownFileType = folder.assetcatalog; path = Assets.xcassets; sourceTree = "<group>"; };
		CE30281225305AA200986C9A /* Base */ = {isa = PBXFileReference; lastKnownFileType = file.storyboard; name = Base; path = Base.lproj/Main.storyboard; sourceTree = "<group>"; };
		CE30281425305AA200986C9A /* Info.plist */ = {isa = PBXFileReference; lastKnownFileType = text.plist.xml; path = Info.plist; sourceTree = "<group>"; };
		CE30281525305AA200986C9A /* Fomalhaut2.entitlements */ = {isa = PBXFileReference; lastKnownFileType = text.plist.entitlements; path = Fomalhaut2.entitlements; sourceTree = "<group>"; };
		CE30281A25305AA200986C9A /* Fomalhaut2Tests.xctest */ = {isa = PBXFileReference; explicitFileType = wrapper.cfbundle; includeInIndex = 0; path = Fomalhaut2Tests.xctest; sourceTree = BUILT_PRODUCTS_DIR; };
		CE30282025305AA200986C9A /* Info.plist */ = {isa = PBXFileReference; lastKnownFileType = text.plist.xml; path = Info.plist; sourceTree = "<group>"; };
		CE34A3F825BBC45100B4C0B5 /* Archiver.swift */ = {isa = PBXFileReference; lastKnownFileType = sourcecode.swift; path = Archiver.swift; sourceTree = "<group>"; };
		CE34A3FE25BBC5BA00B4C0B5 /* ZipArchiver.swift */ = {isa = PBXFileReference; lastKnownFileType = sourcecode.swift; path = ZipArchiver.swift; sourceTree = "<group>"; };
		CE34A40425BBC6E400B4C0B5 /* FolderArchiver.swift */ = {isa = PBXFileReference; lastKnownFileType = sourcecode.swift; path = FolderArchiver.swift; sourceTree = "<group>"; };
		CE34A40825BBD75F00B4C0B5 /* PdfArchiver.swift */ = {isa = PBXFileReference; lastKnownFileType = sourcecode.swift; path = PdfArchiver.swift; sourceTree = "<group>"; };
		CE34A40E25BBD8EA00B4C0B5 /* RarArchiver.swift */ = {isa = PBXFileReference; lastKnownFileType = sourcecode.swift; path = RarArchiver.swift; sourceTree = "<group>"; };
		CE34A41825BC105800B4C0B5 /* PageOrder.swift */ = {isa = PBXFileReference; lastKnownFileType = sourcecode.swift; path = PageOrder.swift; sourceTree = "<group>"; };
		CE38431C25F4E19500262E4E /* Base */ = {isa = PBXFileReference; lastKnownFileType = file.storyboard; name = Base; path = Base.lproj/FilterList.storyboard; sourceTree = "<group>"; };
		CE38432125F4E19900262E4E /* ja */ = {isa = PBXFileReference; lastKnownFileType = text.plist.strings; name = ja; path = ja.lproj/FilterList.strings; sourceTree = "<group>"; };
		CE4309562904E85B00560957 /* Realm+ThreadLocal.swift */ = {isa = PBXFileReference; lastKnownFileType = sourcecode.swift; path = "Realm+ThreadLocal.swift"; sourceTree = "<group>"; };
		CE4641C925EB6E45004F0F0D /* CollectionOrder.swift */ = {isa = PBXFileReference; lastKnownFileType = sourcecode.swift; path = CollectionOrder.swift; sourceTree = "<group>"; };
		CE654D752537E9520051D575 /* Credits.rtf */ = {isa = PBXFileReference; fileEncoding = 4; lastKnownFileType = text.rtf; path = Credits.rtf; sourceTree = "<group>"; };
		CE7A1C57271A7B9800177824 /* SevenZipArchiver.swift */ = {isa = PBXFileReference; lastKnownFileType = sourcecode.swift; path = SevenZipArchiver.swift; sourceTree = "<group>"; };
		CE7CD507256A0B7B00C97167 /* Collection.swift */ = {isa = PBXFileReference; lastKnownFileType = sourcecode.swift; path = Collection.swift; sourceTree = "<group>"; };
		CE9DCB7D256A94C90024FB1B /* ja */ = {isa = PBXFileReference; lastKnownFileType = text.plist.strings; name = ja; path = ja.lproj/InfoPlist.strings; sourceTree = "<group>"; };
		CE9DCB8A256B610D0024FB1B /* NSOutlineView+Realm.swift */ = {isa = PBXFileReference; lastKnownFileType = sourcecode.swift; path = "NSOutlineView+Realm.swift"; sourceTree = "<group>"; };
		CE9DCB9525720C490024FB1B /* CollectionContent.swift */ = {isa = PBXFileReference; lastKnownFileType = sourcecode.swift; path = CollectionContent.swift; sourceTree = "<group>"; };
		CE9DCB9D25722DA80024FB1B /* CollectionContentTests.swift */ = {isa = PBXFileReference; lastKnownFileType = sourcecode.swift; path = CollectionContentTests.swift; sourceTree = "<group>"; };
		CE9DCC2325730EC30024FB1B /* LICENSE */ = {isa = PBXFileReference; fileEncoding = 4; lastKnownFileType = text; path = LICENSE; sourceTree = SOURCE_ROOT; };
		CE9EE5E12532C49400B5AF5C /* BookWindowController.swift */ = {isa = PBXFileReference; lastKnownFileType = sourcecode.swift; path = BookWindowController.swift; sourceTree = "<group>"; };
		CE9EE62725330EE100B5AF5C /* ImageCache.swift */ = {isa = PBXFileReference; lastKnownFileType = sourcecode.swift; path = ImageCache.swift; sourceTree = "<group>"; };
		CE9EE63B2534A71200B5AF5C /* SpreadPageViewController.swift */ = {isa = PBXFileReference; lastKnownFileType = sourcecode.swift; path = SpreadPageViewController.swift; sourceTree = "<group>"; };
		CEA6F693254EEFD800C50318 /* ProgressViewController.swift */ = {isa = PBXFileReference; lastKnownFileType = sourcecode.swift; path = ProgressViewController.swift; sourceTree = "<group>"; };
		CEA6F69D2550FA1300C50318 /* NSTableView+Realm.swift */ = {isa = PBXFileReference; lastKnownFileType = sourcecode.swift; path = "NSTableView+Realm.swift"; sourceTree = "<group>"; };
		CEA6F6B525543B3400C50318 /* MainStackViewController.swift */ = {isa = PBXFileReference; lastKnownFileType = sourcecode.swift; path = MainStackViewController.swift; sourceTree = "<group>"; };
		CEA9943F255FD6D000B8BCC6 /* CollectionViewHeaderView.swift */ = {isa = PBXFileReference; lastKnownFileType = sourcecode.swift; path = CollectionViewHeaderView.swift; sourceTree = "<group>"; };
		CEA99444255FD6DF00B8BCC6 /* CollectionViewHeaderView.xib */ = {isa = PBXFileReference; lastKnownFileType = file.xib; path = CollectionViewHeaderView.xib; sourceTree = "<group>"; };
		CEA9945A2560D9A500B8BCC6 /* Base */ = {isa = PBXFileReference; lastKnownFileType = file.xib; name = Base; path = Base.lproj/ProgressViewController.xib; sourceTree = "<group>"; };
		CEA9945F2560D9EA00B8BCC6 /* ja */ = {isa = PBXFileReference; lastKnownFileType = text.plist.strings; name = ja; path = ja.lproj/ProgressViewController.strings; sourceTree = "<group>"; };
		CEA994632560D9F100B8BCC6 /* ja */ = {isa = PBXFileReference; lastKnownFileType = text.plist.strings; name = ja; path = ja.lproj/Main.strings; sourceTree = "<group>"; };
		CEA994642560D9F700B8BCC6 /* ja */ = {isa = PBXFileReference; lastKnownFileType = text.plist.strings; name = ja; path = ja.lproj/Book.strings; sourceTree = "<group>"; };
		CEA994852560E06400B8BCC6 /* Base */ = {isa = PBXFileReference; lastKnownFileType = text.plist.strings; name = Base; path = Base.lproj/Localizable.strings; sourceTree = "<group>"; };
		CEA9948A2560E07900B8BCC6 /* ja */ = {isa = PBXFileReference; lastKnownFileType = text.plist.strings; name = ja; path = ja.lproj/Localizable.strings; sourceTree = "<group>"; };
		CEB2D9FB2539946D002C3F7E /* BookCollectionViewController.swift */ = {isa = PBXFileReference; lastKnownFileType = sourcecode.swift; path = BookCollectionViewController.swift; sourceTree = "<group>"; };
		CEB2DA0325399693002C3F7E /* Book.swift */ = {isa = PBXFileReference; lastKnownFileType = sourcecode.swift; path = Book.swift; sourceTree = "<group>"; };
		CEB2DA49253E91AC002C3F7E /* FilterListViewController.swift */ = {isa = PBXFileReference; lastKnownFileType = sourcecode.swift; path = FilterListViewController.swift; sourceTree = "<group>"; };
		CEB2DA51253E9384002C3F7E /* Filter.swift */ = {isa = PBXFileReference; lastKnownFileType = sourcecode.swift; path = Filter.swift; sourceTree = "<group>"; };
		CEB2DA63253EF85D002C3F7E /* Base */ = {isa = PBXFileReference; lastKnownFileType = file.storyboard; name = Base; path = Base.lproj/Book.storyboard; sourceTree = "<group>"; };
		CEB2DA68253FE6DB002C3F7E /* FilterListView.swift */ = {isa = PBXFileReference; lastKnownFileType = sourcecode.swift; path = FilterListView.swift; sourceTree = "<group>"; };
		CEC1EA01257514FA0052228E /* Base */ = {isa = PBXFileReference; lastKnownFileType = file.storyboard; name = Base; path = Base.lproj/BookCollection.storyboard; sourceTree = "<group>"; };
		CEC1EA042575151A0052228E /* ja */ = {isa = PBXFileReference; lastKnownFileType = text.plist.strings; name = ja; path = ja.lproj/BookCollection.strings; sourceTree = "<group>"; };
		CECC07172549C6C700CF56FA /* BookDocument.swift */ = {isa = PBXFileReference; lastKnownFileType = sourcecode.swift; path = BookDocument.swift; sourceTree = "<group>"; };
		CECC072B2549CAFD00CF56FA /* PDFKit.framework */ = {isa = PBXFileReference; lastKnownFileType = wrapper.framework; name = PDFKit.framework; path = System/Library/Frameworks/PDFKit.framework; sourceTree = SDKROOT; };
		CECC073F254E8D6200CF56FA /* Schema.swift */ = {isa = PBXFileReference; lastKnownFileType = sourcecode.swift; path = Schema.swift; sourceTree = "<group>"; };
		CECD721A279470EC0059665C /* NSCollectionView+Realm.swift */ = {isa = PBXFileReference; lastKnownFileType = sourcecode.swift; path = "NSCollectionView+Realm.swift"; sourceTree = "<group>"; };
		CEE4D7B925E11B28003B8EB2 /* Shared.framework */ = {isa = PBXFileReference; explicitFileType = wrapper.framework; includeInIndex = 0; path = Shared.framework; sourceTree = BUILT_PRODUCTS_DIR; };
		CEE4D7BC25E11B28003B8EB2 /* Info.plist */ = {isa = PBXFileReference; lastKnownFileType = text.plist.xml; path = Info.plist; sourceTree = "<group>"; };
		CEE4D7E025E11C13003B8EB2 /* Log.swift */ = {isa = PBXFileReference; lastKnownFileType = sourcecode.swift; path = Log.swift; sourceTree = "<group>"; };
		CEE4D82425E23926003B8EB2 /* PreferencesViewController.swift */ = {isa = PBXFileReference; lastKnownFileType = sourcecode.swift; path = PreferencesViewController.swift; sourceTree = "<group>"; };
		CEE4D82E25E240B1003B8EB2 /* Preferences.swift */ = {isa = PBXFileReference; lastKnownFileType = sourcecode.swift; path = Preferences.swift; sourceTree = "<group>"; };
		CEE4D83525E245B1003B8EB2 /* Base */ = {isa = PBXFileReference; lastKnownFileType = file.storyboard; name = Base; path = Base.lproj/Preferences.storyboard; sourceTree = "<group>"; };
		CEE4D83825E245BF003B8EB2 /* ja */ = {isa = PBXFileReference; lastKnownFileType = text.plist.strings; name = ja; path = ja.lproj/Preferences.strings; sourceTree = "<group>"; };
		CEE5474F259F515400F9AA30 /* defaultThumbnail.jpg */ = {isa = PBXFileReference; lastKnownFileType = image.jpeg; path = defaultThumbnail.jpg; sourceTree = "<group>"; };
		CEE5475425A0AF4E00F9AA30 /* BookImageView.swift */ = {isa = PBXFileReference; lastKnownFileType = sourcecode.swift; path = BookImageView.swift; sourceTree = "<group>"; };
		CEE9793225402BEA00A35C39 /* BookCollectionViewItem.swift */ = {isa = PBXFileReference; lastKnownFileType = sourcecode.swift; path = BookCollectionViewItem.swift; sourceTree = "<group>"; };
		CEE9793325402BEA00A35C39 /* BookCollectionViewItem.xib */ = {isa = PBXFileReference; lastKnownFileType = file.xib; path = BookCollectionViewItem.xib; sourceTree = "<group>"; };
		CEE9793C25403AD500A35C39 /* MainWindowController.swift */ = {isa = PBXFileReference; lastKnownFileType = sourcecode.swift; path = MainWindowController.swift; sourceTree = "<group>"; };
		CEE9794C25417A9A00A35C39 /* NSImage+Resize.swift */ = {isa = PBXFileReference; lastKnownFileType = sourcecode.swift; path = "NSImage+Resize.swift"; sourceTree = "<group>"; };
		CEEF12D62A4BD923008F22DC /* BookViewStyle.swift */ = {isa = PBXFileReference; lastKnownFileType = sourcecode.swift; path = BookViewStyle.swift; sourceTree = "<group>"; };
		CEEFC63A257C9590008D9636 /* WebSharing.swift */ = {isa = PBXFileReference; lastKnownFileType = sourcecode.swift; path = WebSharing.swift; sourceTree = "<group>"; };
		CEEFC6612580F5DB008D9636 /* assets.zip */ = {isa = PBXFileReference; lastKnownFileType = archive.zip; path = assets.zip; sourceTree = "<group>"; };
		CEEFC66925810C24008D9636 /* WebSharingViewController.swift */ = {isa = PBXFileReference; lastKnownFileType = sourcecode.swift; path = WebSharingViewController.swift; sourceTree = "<group>"; };
		CEEFC6952583C91A008D9636 /* Base */ = {isa = PBXFileReference; lastKnownFileType = file.xib; name = Base; path = Base.lproj/WebSharingViewController.xib; sourceTree = "<group>"; };
		CEEFC69B2583C920008D9636 /* ja */ = {isa = PBXFileReference; lastKnownFileType = text.plist.strings; name = ja; path = ja.lproj/WebSharingViewController.strings; sourceTree = "<group>"; };
		CEF8C98125E4E1E9005347BF /* Fomalhaut2QuickLook.appex */ = {isa = PBXFileReference; explicitFileType = "wrapper.app-extension"; includeInIndex = 0; path = Fomalhaut2QuickLook.appex; sourceTree = BUILT_PRODUCTS_DIR; };
		CEF8C98225E4E1E9005347BF /* Quartz.framework */ = {isa = PBXFileReference; lastKnownFileType = wrapper.framework; name = Quartz.framework; path = System/Library/Frameworks/Quartz.framework; sourceTree = SDKROOT; };
		CEF8C98525E4E1E9005347BF /* PreviewViewController.swift */ = {isa = PBXFileReference; lastKnownFileType = sourcecode.swift; path = PreviewViewController.swift; sourceTree = "<group>"; };
		CEF8C98825E4E1E9005347BF /* Base */ = {isa = PBXFileReference; lastKnownFileType = file.xib; name = Base; path = Base.lproj/PreviewViewController.xib; sourceTree = "<group>"; };
		CEF8C98A25E4E1E9005347BF /* Info.plist */ = {isa = PBXFileReference; lastKnownFileType = text.plist.xml; path = Info.plist; sourceTree = "<group>"; };
		CEF8C98B25E4E1E9005347BF /* Fomalhaut2QuickLook.entitlements */ = {isa = PBXFileReference; lastKnownFileType = text.plist.entitlements; path = Fomalhaut2QuickLook.entitlements; sourceTree = "<group>"; };
/* End PBXFileReference section */

/* Begin PBXFrameworksBuildPhase section */
		CE30280325305AA000986C9A /* Frameworks */ = {
			isa = PBXFrameworksBuildPhase;
			buildActionMask = 2147483647;
			files = (
				CE4641AA25EA7F33004F0F0D /* RxRealm in Frameworks */,
				CE9FB339258EF8E000AE8F7A /* Swiftra in Frameworks */,
				CE4641B225EA7F79004F0F0D /* RxSwift in Frameworks */,
				CE4641B025EA7F79004F0F0D /* RxCocoa in Frameworks */,
				CEE4D7D625E11B91003B8EB2 /* Shared.framework in Frameworks */,
			);
			runOnlyForDeploymentPostprocessing = 0;
		};
		CE30281725305AA200986C9A /* Frameworks */ = {
			isa = PBXFrameworksBuildPhase;
			buildActionMask = 2147483647;
			files = (
			);
			runOnlyForDeploymentPostprocessing = 0;
		};
		CEE4D7B625E11B28003B8EB2 /* Frameworks */ = {
			isa = PBXFrameworksBuildPhase;
			buildActionMask = 2147483647;
			files = (
				CEE4D7D225E11B81003B8EB2 /* ZIPFoundation in Frameworks */,
				CEE4D7D525E11B89003B8EB2 /* PDFKit.framework in Frameworks */,
				CEE4D7D425E11B81003B8EB2 /* Unrar in Frameworks */,
				CEEBAE622721A25D0048034E /* SevenZip in Frameworks */,
				CEE4D7E525E11C23003B8EB2 /* XCGLogger in Frameworks */,
			);
			runOnlyForDeploymentPostprocessing = 0;
		};
		CEF8C97E25E4E1E9005347BF /* Frameworks */ = {
			isa = PBXFrameworksBuildPhase;
			buildActionMask = 2147483647;
			files = (
				CE4641B625EA7F91004F0F0D /* RxCocoa in Frameworks */,
				CEF8C98325E4E1E9005347BF /* Quartz.framework in Frameworks */,
				CE4641B825EA7F91004F0F0D /* RxSwift in Frameworks */,
				CEF8C99625E4E1F6005347BF /* Shared.framework in Frameworks */,
			);
			runOnlyForDeploymentPostprocessing = 0;
		};
/* End PBXFrameworksBuildPhase section */

/* Begin PBXGroup section */
		CE3027FD25305AA000986C9A = {
			isa = PBXGroup;
			children = (
				CE30280825305AA000986C9A /* Fomalhaut2 */,
				CE30281D25305AA200986C9A /* Fomalhaut2Tests */,
				CEE4D7BA25E11B28003B8EB2 /* Shared */,
				CEF8C98425E4E1E9005347BF /* Fomalhaut2QuickLook */,
				CE30280725305AA000986C9A /* Products */,
				CECC072A2549CAFD00CF56FA /* Frameworks */,
				CE9DCC2325730EC30024FB1B /* LICENSE */,
			);
			indentWidth = 2;
			sourceTree = "<group>";
			tabWidth = 2;
			usesTabs = 0;
		};
		CE30280725305AA000986C9A /* Products */ = {
			isa = PBXGroup;
			children = (
				CE30280625305AA000986C9A /* Fomalhaut2.app */,
				CE30281A25305AA200986C9A /* Fomalhaut2Tests.xctest */,
				CEE4D7B925E11B28003B8EB2 /* Shared.framework */,
				CEF8C98125E4E1E9005347BF /* Fomalhaut2QuickLook.appex */,
			);
			name = Products;
			sourceTree = "<group>";
		};
		CE30280825305AA000986C9A /* Fomalhaut2 */ = {
			isa = PBXGroup;
			children = (
				CE30280925305AA000986C9A /* AppDelegate.swift */,
				CE9EE5E12532C49400B5AF5C /* BookWindowController.swift */,
				CE9EE63B2534A71200B5AF5C /* SpreadPageViewController.swift */,
				CECC07172549C6C700CF56FA /* BookDocument.swift */,
				CE9EE62725330EE100B5AF5C /* ImageCache.swift */,
				CEE9793C25403AD500A35C39 /* MainWindowController.swift */,
				CEA6F6B525543B3400C50318 /* MainStackViewController.swift */,
				CEB2D9FB2539946D002C3F7E /* BookCollectionViewController.swift */,
				CEB2DA49253E91AC002C3F7E /* FilterListViewController.swift */,
				CEB2DA68253FE6DB002C3F7E /* FilterListView.swift */,
				CE38431D25F4E19500262E4E /* FilterList.storyboard */,
				CEB2DA51253E9384002C3F7E /* Filter.swift */,
				CEA6F693254EEFD800C50318 /* ProgressViewController.swift */,
				CEA9945B2560D9A500B8BCC6 /* ProgressViewController.xib */,
				CEA9943F255FD6D000B8BCC6 /* CollectionViewHeaderView.swift */,
				CEA99444255FD6DF00B8BCC6 /* CollectionViewHeaderView.xib */,
				CECC073F254E8D6200CF56FA /* Schema.swift */,
				CEB2DA0325399693002C3F7E /* Book.swift */,
				CE7CD507256A0B7B00C97167 /* Collection.swift */,
				CE9DCB9525720C490024FB1B /* CollectionContent.swift */,
				CE4641C925EB6E45004F0F0D /* CollectionOrder.swift */,
				CEE9793225402BEA00A35C39 /* BookCollectionViewItem.swift */,
				CEE9793325402BEA00A35C39 /* BookCollectionViewItem.xib */,
				CEEFC66925810C24008D9636 /* WebSharingViewController.swift */,
				CEEFC6962583C91A008D9636 /* WebSharingViewController.xib */,
				CEEFC63A257C9590008D9636 /* WebSharing.swift */,
				CEE4D82425E23926003B8EB2 /* PreferencesViewController.swift */,
				CEE4D82E25E240B1003B8EB2 /* Preferences.swift */,
				CEE4D83625E245B1003B8EB2 /* Preferences.storyboard */,
				CEE9794C25417A9A00A35C39 /* NSImage+Resize.swift */,
				CEA6F69D2550FA1300C50318 /* NSTableView+Realm.swift */,
				CE9DCB8A256B610D0024FB1B /* NSOutlineView+Realm.swift */,
				CECD721A279470EC0059665C /* NSCollectionView+Realm.swift */,
				CE30280F25305AA200986C9A /* Assets.xcassets */,
				CE30281125305AA200986C9A /* Main.storyboard */,
				CEB2DA64253EF85D002C3F7E /* Book.storyboard */,
				CEC1EA02257514FA0052228E /* BookCollection.storyboard */,
				CE30281425305AA200986C9A /* Info.plist */,
				CE9DCB7C256A94C90024FB1B /* InfoPlist.strings */,
				CE30281525305AA200986C9A /* Fomalhaut2.entitlements */,
				CE654D752537E9520051D575 /* Credits.rtf */,
				CEEFC6612580F5DB008D9636 /* assets.zip */,
				CEE5474F259F515400F9AA30 /* defaultThumbnail.jpg */,
				CEA994842560E06400B8BCC6 /* Localizable.strings */,
				CE4309562904E85B00560957 /* Realm+ThreadLocal.swift */,
				CEEF12D62A4BD923008F22DC /* BookViewStyle.swift */,
			);
			path = Fomalhaut2;
			sourceTree = "<group>";
		};
		CE30281D25305AA200986C9A /* Fomalhaut2Tests */ = {
			isa = PBXGroup;
			children = (
				CE9DCB9D25722DA80024FB1B /* CollectionContentTests.swift */,
				CE2AC0572619673E00317DA3 /* BookTests.swift */,
				CE30282025305AA200986C9A /* Info.plist */,
			);
			path = Fomalhaut2Tests;
			sourceTree = "<group>";
		};
		CECC072A2549CAFD00CF56FA /* Frameworks */ = {
			isa = PBXGroup;
			children = (
				CECC072B2549CAFD00CF56FA /* PDFKit.framework */,
				CEF8C98225E4E1E9005347BF /* Quartz.framework */,
			);
			name = Frameworks;
			sourceTree = "<group>";
		};
		CEE4D7BA25E11B28003B8EB2 /* Shared */ = {
			isa = PBXGroup;
			children = (
				CE296BEB2530722A00674C99 /* ArchiverError.swift */,
				CE34A3F825BBC45100B4C0B5 /* Archiver.swift */,
				CE34A3FE25BBC5BA00B4C0B5 /* ZipArchiver.swift */,
				CE34A40425BBC6E400B4C0B5 /* FolderArchiver.swift */,
				CE34A40825BBD75F00B4C0B5 /* PdfArchiver.swift */,
				CE34A40E25BBD8EA00B4C0B5 /* RarArchiver.swift */,
				CE7A1C57271A7B9800177824 /* SevenZipArchiver.swift */,
				CEE4D7BC25E11B28003B8EB2 /* Info.plist */,
				CEE4D7E025E11C13003B8EB2 /* Log.swift */,
				CE34A41825BC105800B4C0B5 /* PageOrder.swift */,
				CEE5475425A0AF4E00F9AA30 /* BookImageView.swift */,
			);
			path = Shared;
			sourceTree = "<group>";
		};
		CEF8C98425E4E1E9005347BF /* Fomalhaut2QuickLook */ = {
			isa = PBXGroup;
			children = (
				CEF8C98525E4E1E9005347BF /* PreviewViewController.swift */,
				CEF8C98725E4E1E9005347BF /* PreviewViewController.xib */,
				CEF8C98A25E4E1E9005347BF /* Info.plist */,
				CEF8C98B25E4E1E9005347BF /* Fomalhaut2QuickLook.entitlements */,
			);
			path = Fomalhaut2QuickLook;
			sourceTree = "<group>";
		};
/* End PBXGroup section */

/* Begin PBXHeadersBuildPhase section */
		CEE4D7B425E11B28003B8EB2 /* Headers */ = {
			isa = PBXHeadersBuildPhase;
			buildActionMask = 2147483647;
			files = (
			);
			runOnlyForDeploymentPostprocessing = 0;
		};
/* End PBXHeadersBuildPhase section */

/* Begin PBXNativeTarget section */
		CE30280525305AA000986C9A /* Fomalhaut2 */ = {
			isa = PBXNativeTarget;
			buildConfigurationList = CE30282E25305AA200986C9A /* Build configuration list for PBXNativeTarget "Fomalhaut2" */;
			buildPhases = (
				CE30280225305AA000986C9A /* Sources */,
				CE30280325305AA000986C9A /* Frameworks */,
				CE30280425305AA000986C9A /* Resources */,
				CEE4D7C525E11B28003B8EB2 /* Embed Frameworks */,
				CEF8C98F25E4E1E9005347BF /* Embed App Extensions */,
			);
			buildRules = (
			);
			dependencies = (
				CEE4D7BF25E11B28003B8EB2 /* PBXTargetDependency */,
				CEF8C98D25E4E1E9005347BF /* PBXTargetDependency */,
			);
			name = Fomalhaut2;
			packageProductDependencies = (
				CE9FB338258EF8E000AE8F7A /* Swiftra */,
				CE4641A925EA7F33004F0F0D /* RxRealm */,
				CE4641AF25EA7F79004F0F0D /* RxCocoa */,
				CE4641B125EA7F79004F0F0D /* RxSwift */,
			);
			productName = Fomalhaut2;
			productReference = CE30280625305AA000986C9A /* Fomalhaut2.app */;
			productType = "com.apple.product-type.application";
		};
		CE30281925305AA200986C9A /* Fomalhaut2Tests */ = {
			isa = PBXNativeTarget;
			buildConfigurationList = CE30283125305AA200986C9A /* Build configuration list for PBXNativeTarget "Fomalhaut2Tests" */;
			buildPhases = (
				CE30281625305AA200986C9A /* Sources */,
				CE30281725305AA200986C9A /* Frameworks */,
				CE30281825305AA200986C9A /* Resources */,
			);
			buildRules = (
			);
			dependencies = (
				CE30281C25305AA200986C9A /* PBXTargetDependency */,
			);
			name = Fomalhaut2Tests;
			productName = Fomalhaut2Tests;
			productReference = CE30281A25305AA200986C9A /* Fomalhaut2Tests.xctest */;
			productType = "com.apple.product-type.bundle.unit-test";
		};
		CEE4D7B825E11B28003B8EB2 /* Shared */ = {
			isa = PBXNativeTarget;
			buildConfigurationList = CEE4D7C225E11B28003B8EB2 /* Build configuration list for PBXNativeTarget "Shared" */;
			buildPhases = (
				CEE4D7B425E11B28003B8EB2 /* Headers */,
				CEE4D7B525E11B28003B8EB2 /* Sources */,
				CEE4D7B625E11B28003B8EB2 /* Frameworks */,
				CEE4D7B725E11B28003B8EB2 /* Resources */,
			);
			buildRules = (
			);
			dependencies = (
			);
			name = Shared;
			packageProductDependencies = (
				CEE4D7D125E11B81003B8EB2 /* ZIPFoundation */,
				CEE4D7D325E11B81003B8EB2 /* Unrar */,
				CEE4D7E425E11C23003B8EB2 /* XCGLogger */,
				CEEBAE612721A25D0048034E /* SevenZip */,
			);
			productName = Archiver;
			productReference = CEE4D7B925E11B28003B8EB2 /* Shared.framework */;
			productType = "com.apple.product-type.framework";
		};
		CEF8C98025E4E1E9005347BF /* Fomalhaut2QuickLook */ = {
			isa = PBXNativeTarget;
			buildConfigurationList = CEF8C99225E4E1E9005347BF /* Build configuration list for PBXNativeTarget "Fomalhaut2QuickLook" */;
			buildPhases = (
				CEF8C97D25E4E1E9005347BF /* Sources */,
				CEF8C97E25E4E1E9005347BF /* Frameworks */,
				CEF8C97F25E4E1E9005347BF /* Resources */,
				CEF8C99A25E4E1F7005347BF /* Embed Frameworks */,
			);
			buildRules = (
			);
			dependencies = (
				CEF8C99925E4E1F6005347BF /* PBXTargetDependency */,
			);
			name = Fomalhaut2QuickLook;
			packageProductDependencies = (
				CE4641B525EA7F91004F0F0D /* RxCocoa */,
				CE4641B725EA7F91004F0F0D /* RxSwift */,
			);
			productName = Fomalhaut2QuickLook;
			productReference = CEF8C98125E4E1E9005347BF /* Fomalhaut2QuickLook.appex */;
			productType = "com.apple.product-type.app-extension";
		};
/* End PBXNativeTarget section */

/* Begin PBXProject section */
		CE3027FE25305AA000986C9A /* Project object */ = {
			isa = PBXProject;
			attributes = {
				LastSwiftUpdateCheck = 1240;
				LastUpgradeCheck = 1240;
				TargetAttributes = {
					CE30280525305AA000986C9A = {
						CreatedOnToolsVersion = 12.2;
					};
					CE30281925305AA200986C9A = {
						CreatedOnToolsVersion = 12.2;
						TestTargetID = CE30280525305AA000986C9A;
					};
					CEE4D7B825E11B28003B8EB2 = {
						CreatedOnToolsVersion = 12.4;
					};
					CEF8C98025E4E1E9005347BF = {
						CreatedOnToolsVersion = 12.4;
					};
				};
			};
			buildConfigurationList = CE30280125305AA000986C9A /* Build configuration list for PBXProject "Fomalhaut2" */;
			compatibilityVersion = "Xcode 9.3";
			developmentRegion = en;
			hasScannedForEncodings = 0;
			knownRegions = (
				en,
				Base,
				ja,
			);
			mainGroup = CE3027FD25305AA000986C9A;
			packageReferences = (
				CE296BCB2530671700674C99 /* XCRemoteSwiftPackageReference "ZIPFoundation" */,
				CE296C2F2530A4E400674C99 /* XCRemoteSwiftPackageReference "RxSwift" */,
				CE9EE5E92532C53100B5AF5C /* XCRemoteSwiftPackageReference "XCGLogger" */,
				CE9FB337258EF8DF00AE8F7A /* XCRemoteSwiftPackageReference "Swiftra" */,
				CEAD7A0F25A494EC00927D10 /* XCRemoteSwiftPackageReference "Unrar.swift" */,
				CE4641A825EA7F33004F0F0D /* XCRemoteSwiftPackageReference "RxRealm" */,
				CEEBAE5E2721A18B0048034E /* XCRemoteSwiftPackageReference "SevenZip" */,
			);
			productRefGroup = CE30280725305AA000986C9A /* Products */;
			projectDirPath = "";
			projectRoot = "";
			targets = (
				CE30280525305AA000986C9A /* Fomalhaut2 */,
				CE30281925305AA200986C9A /* Fomalhaut2Tests */,
				CEE4D7B825E11B28003B8EB2 /* Shared */,
				CEF8C98025E4E1E9005347BF /* Fomalhaut2QuickLook */,
			);
		};
/* End PBXProject section */

/* Begin PBXResourcesBuildPhase section */
		CE30280425305AA000986C9A /* Resources */ = {
			isa = PBXResourcesBuildPhase;
			buildActionMask = 2147483647;
			files = (
				CEEFC6622580F5DB008D9636 /* assets.zip in Resources */,
				CE30281025305AA200986C9A /* Assets.xcassets in Resources */,
				CEA99445255FD6DF00B8BCC6 /* CollectionViewHeaderView.xib in Resources */,
				CEB2DA62253EF85D002C3F7E /* Book.storyboard in Resources */,
				CEC1EA00257514FA0052228E /* BookCollection.storyboard in Resources */,
				CE654D762537E9530051D575 /* Credits.rtf in Resources */,
				CEE9793525402BEA00A35C39 /* BookCollectionViewItem.xib in Resources */,
				CE9DCC2425730EC30024FB1B /* LICENSE in Resources */,
				CEEFC6942583C91A008D9636 /* WebSharingViewController.xib in Resources */,
				CEE54750259F515400F9AA30 /* defaultThumbnail.jpg in Resources */,
				CEA994862560E06400B8BCC6 /* Localizable.strings in Resources */,
				CE38431B25F4E19500262E4E /* FilterList.storyboard in Resources */,
				CE30281325305AA200986C9A /* Main.storyboard in Resources */,
				CE9DCB7E256A94C90024FB1B /* InfoPlist.strings in Resources */,
				CEA994592560D9A500B8BCC6 /* ProgressViewController.xib in Resources */,
				CEE4D83425E245B1003B8EB2 /* Preferences.storyboard in Resources */,
			);
			runOnlyForDeploymentPostprocessing = 0;
		};
		CE30281825305AA200986C9A /* Resources */ = {
			isa = PBXResourcesBuildPhase;
			buildActionMask = 2147483647;
			files = (
			);
			runOnlyForDeploymentPostprocessing = 0;
		};
		CEE4D7B725E11B28003B8EB2 /* Resources */ = {
			isa = PBXResourcesBuildPhase;
			buildActionMask = 2147483647;
			files = (
			);
			runOnlyForDeploymentPostprocessing = 0;
		};
		CEF8C97F25E4E1E9005347BF /* Resources */ = {
			isa = PBXResourcesBuildPhase;
			buildActionMask = 2147483647;
			files = (
				CEF8C98925E4E1E9005347BF /* PreviewViewController.xib in Resources */,
			);
			runOnlyForDeploymentPostprocessing = 0;
		};
/* End PBXResourcesBuildPhase section */

/* Begin PBXSourcesBuildPhase section */
		CE30280225305AA000986C9A /* Sources */ = {
			isa = PBXSourcesBuildPhase;
			buildActionMask = 2147483647;
			files = (
				CE9EE5E22532C49400B5AF5C /* BookWindowController.swift in Sources */,
				CEEF12D72A4BD923008F22DC /* BookViewStyle.swift in Sources */,
				CE4309572904E85B00560957 /* Realm+ThreadLocal.swift in Sources */,
				CEE9793425402BEA00A35C39 /* BookCollectionViewItem.swift in Sources */,
				CEE4D82F25E240B1003B8EB2 /* Preferences.swift in Sources */,
				CEB2DA52253E9384002C3F7E /* Filter.swift in Sources */,
				CE9EE63C2534A71200B5AF5C /* SpreadPageViewController.swift in Sources */,
				CE4641CA25EB6E45004F0F0D /* CollectionOrder.swift in Sources */,
				CE30280A25305AA000986C9A /* AppDelegate.swift in Sources */,
				CECC07192549C6C700CF56FA /* BookDocument.swift in Sources */,
				CE9DCB8B256B610D0024FB1B /* NSOutlineView+Realm.swift in Sources */,
				CE9DCB9625720C490024FB1B /* CollectionContent.swift in Sources */,
				CEEFC63B257C9590008D9636 /* WebSharing.swift in Sources */,
				CE9EE62825330EE100B5AF5C /* ImageCache.swift in Sources */,
				CEB2DA0425399693002C3F7E /* Book.swift in Sources */,
				CEE9793D25403AD500A35C39 /* MainWindowController.swift in Sources */,
				CEEFC66B25810C24008D9636 /* WebSharingViewController.swift in Sources */,
				CEB2DA69253FE6DB002C3F7E /* FilterListView.swift in Sources */,
				CEE9794D25417A9A00A35C39 /* NSImage+Resize.swift in Sources */,
				CEA6F695254EEFD800C50318 /* ProgressViewController.swift in Sources */,
				CE7CD508256A0B7B00C97167 /* Collection.swift in Sources */,
				CEA6F69E2550FA1300C50318 /* NSTableView+Realm.swift in Sources */,
				CECC0740254E8D6200CF56FA /* Schema.swift in Sources */,
				CEA99440255FD6D000B8BCC6 /* CollectionViewHeaderView.swift in Sources */,
				CEE4D82525E23926003B8EB2 /* PreferencesViewController.swift in Sources */,
				CEB2DA4A253E91AD002C3F7E /* FilterListViewController.swift in Sources */,
				CECD721B279470ED0059665C /* NSCollectionView+Realm.swift in Sources */,
				CEB2D9FC2539946D002C3F7E /* BookCollectionViewController.swift in Sources */,
				CEA6F6B625543B3400C50318 /* MainStackViewController.swift in Sources */,
			);
			runOnlyForDeploymentPostprocessing = 0;
		};
		CE30281625305AA200986C9A /* Sources */ = {
			isa = PBXSourcesBuildPhase;
			buildActionMask = 2147483647;
			files = (
				CE2AC0582619673E00317DA3 /* BookTests.swift in Sources */,
				CE9DCB9E25722DA80024FB1B /* CollectionContentTests.swift in Sources */,
			);
			runOnlyForDeploymentPostprocessing = 0;
		};
		CEE4D7B525E11B28003B8EB2 /* Sources */ = {
			isa = PBXSourcesBuildPhase;
			buildActionMask = 2147483647;
			files = (
				CEE4D7CE25E11B48003B8EB2 /* Archiver.swift in Sources */,
				CE46413C25EA19A7004F0F0D /* PageOrder.swift in Sources */,
				CEE4D7E125E11C13003B8EB2 /* Log.swift in Sources */,
				CEE4D7CC25E11B48003B8EB2 /* FolderArchiver.swift in Sources */,
				CEE4D7CA25E11B48003B8EB2 /* PdfArchiver.swift in Sources */,
				CEE4D7DB25E11BD7003B8EB2 /* ArchiverError.swift in Sources */,
				CEE4D7CB25E11B48003B8EB2 /* RarArchiver.swift in Sources */,
				CEF8C9A725E4EC7D005347BF /* BookImageView.swift in Sources */,
				CEE4D7CD25E11B48003B8EB2 /* ZipArchiver.swift in Sources */,
				CE7A1C58271A7B9800177824 /* SevenZipArchiver.swift in Sources */,
			);
			runOnlyForDeploymentPostprocessing = 0;
		};
		CEF8C97D25E4E1E9005347BF /* Sources */ = {
			isa = PBXSourcesBuildPhase;
			buildActionMask = 2147483647;
			files = (
				CEF8C98625E4E1E9005347BF /* PreviewViewController.swift in Sources */,
			);
			runOnlyForDeploymentPostprocessing = 0;
		};
/* End PBXSourcesBuildPhase section */

/* Begin PBXTargetDependency section */
		CE30281C25305AA200986C9A /* PBXTargetDependency */ = {
			isa = PBXTargetDependency;
			target = CE30280525305AA000986C9A /* Fomalhaut2 */;
			targetProxy = CE30281B25305AA200986C9A /* PBXContainerItemProxy */;
		};
		CEE4D7BF25E11B28003B8EB2 /* PBXTargetDependency */ = {
			isa = PBXTargetDependency;
			target = CEE4D7B825E11B28003B8EB2 /* Shared */;
			targetProxy = CEE4D7BE25E11B28003B8EB2 /* PBXContainerItemProxy */;
		};
		CEF8C98D25E4E1E9005347BF /* PBXTargetDependency */ = {
			isa = PBXTargetDependency;
			target = CEF8C98025E4E1E9005347BF /* Fomalhaut2QuickLook */;
			targetProxy = CEF8C98C25E4E1E9005347BF /* PBXContainerItemProxy */;
		};
		CEF8C99925E4E1F6005347BF /* PBXTargetDependency */ = {
			isa = PBXTargetDependency;
			target = CEE4D7B825E11B28003B8EB2 /* Shared */;
			targetProxy = CEF8C99825E4E1F6005347BF /* PBXContainerItemProxy */;
		};
/* End PBXTargetDependency section */

/* Begin PBXVariantGroup section */
		CE30281125305AA200986C9A /* Main.storyboard */ = {
			isa = PBXVariantGroup;
			children = (
				CE30281225305AA200986C9A /* Base */,
				CEA994632560D9F100B8BCC6 /* ja */,
			);
			name = Main.storyboard;
			sourceTree = "<group>";
		};
		CE38431D25F4E19500262E4E /* FilterList.storyboard */ = {
			isa = PBXVariantGroup;
			children = (
				CE38431C25F4E19500262E4E /* Base */,
				CE38432125F4E19900262E4E /* ja */,
			);
			name = FilterList.storyboard;
			sourceTree = "<group>";
		};
		CE9DCB7C256A94C90024FB1B /* InfoPlist.strings */ = {
			isa = PBXVariantGroup;
			children = (
				CE9DCB7D256A94C90024FB1B /* ja */,
			);
			name = InfoPlist.strings;
			sourceTree = "<group>";
		};
		CEA9945B2560D9A500B8BCC6 /* ProgressViewController.xib */ = {
			isa = PBXVariantGroup;
			children = (
				CEA9945A2560D9A500B8BCC6 /* Base */,
				CEA9945F2560D9EA00B8BCC6 /* ja */,
			);
			name = ProgressViewController.xib;
			sourceTree = "<group>";
		};
		CEA994842560E06400B8BCC6 /* Localizable.strings */ = {
			isa = PBXVariantGroup;
			children = (
				CEA994852560E06400B8BCC6 /* Base */,
				CEA9948A2560E07900B8BCC6 /* ja */,
			);
			name = Localizable.strings;
			sourceTree = "<group>";
		};
		CEB2DA64253EF85D002C3F7E /* Book.storyboard */ = {
			isa = PBXVariantGroup;
			children = (
				CEB2DA63253EF85D002C3F7E /* Base */,
				CEA994642560D9F700B8BCC6 /* ja */,
			);
			name = Book.storyboard;
			sourceTree = "<group>";
		};
		CEC1EA02257514FA0052228E /* BookCollection.storyboard */ = {
			isa = PBXVariantGroup;
			children = (
				CEC1EA01257514FA0052228E /* Base */,
				CEC1EA042575151A0052228E /* ja */,
			);
			name = BookCollection.storyboard;
			sourceTree = "<group>";
		};
		CEE4D83625E245B1003B8EB2 /* Preferences.storyboard */ = {
			isa = PBXVariantGroup;
			children = (
				CEE4D83525E245B1003B8EB2 /* Base */,
				CEE4D83825E245BF003B8EB2 /* ja */,
			);
			name = Preferences.storyboard;
			sourceTree = "<group>";
		};
		CEEFC6962583C91A008D9636 /* WebSharingViewController.xib */ = {
			isa = PBXVariantGroup;
			children = (
				CEEFC6952583C91A008D9636 /* Base */,
				CEEFC69B2583C920008D9636 /* ja */,
			);
			name = WebSharingViewController.xib;
			sourceTree = "<group>";
		};
		CEF8C98725E4E1E9005347BF /* PreviewViewController.xib */ = {
			isa = PBXVariantGroup;
			children = (
				CEF8C98825E4E1E9005347BF /* Base */,
			);
			name = PreviewViewController.xib;
			sourceTree = "<group>";
		};
/* End PBXVariantGroup section */

/* Begin XCBuildConfiguration section */
		CE30282C25305AA200986C9A /* Debug */ = {
			isa = XCBuildConfiguration;
			buildSettings = {
				ALWAYS_SEARCH_USER_PATHS = NO;
				CLANG_ANALYZER_LOCALIZABILITY_NONLOCALIZED = YES;
				CLANG_ANALYZER_NONNULL = YES;
				CLANG_ANALYZER_NUMBER_OBJECT_CONVERSION = YES_AGGRESSIVE;
				CLANG_CXX_LANGUAGE_STANDARD = "gnu++14";
				CLANG_CXX_LIBRARY = "libc++";
				CLANG_ENABLE_MODULES = YES;
				CLANG_ENABLE_OBJC_ARC = YES;
				CLANG_ENABLE_OBJC_WEAK = YES;
				CLANG_WARN_BLOCK_CAPTURE_AUTORELEASING = YES;
				CLANG_WARN_BOOL_CONVERSION = YES;
				CLANG_WARN_COMMA = YES;
				CLANG_WARN_CONSTANT_CONVERSION = YES;
				CLANG_WARN_DEPRECATED_OBJC_IMPLEMENTATIONS = YES;
				CLANG_WARN_DIRECT_OBJC_ISA_USAGE = YES_ERROR;
				CLANG_WARN_DOCUMENTATION_COMMENTS = YES;
				CLANG_WARN_EMPTY_BODY = YES;
				CLANG_WARN_ENUM_CONVERSION = YES;
				CLANG_WARN_INFINITE_RECURSION = YES;
				CLANG_WARN_INT_CONVERSION = YES;
				CLANG_WARN_NON_LITERAL_NULL_CONVERSION = YES;
				CLANG_WARN_OBJC_IMPLICIT_RETAIN_SELF = YES;
				CLANG_WARN_OBJC_LITERAL_CONVERSION = YES;
				CLANG_WARN_OBJC_ROOT_CLASS = YES_ERROR;
				CLANG_WARN_QUOTED_INCLUDE_IN_FRAMEWORK_HEADER = YES;
				CLANG_WARN_RANGE_LOOP_ANALYSIS = YES;
				CLANG_WARN_STRICT_PROTOTYPES = YES;
				CLANG_WARN_SUSPICIOUS_MOVE = YES;
				CLANG_WARN_UNGUARDED_AVAILABILITY = YES_AGGRESSIVE;
				CLANG_WARN_UNREACHABLE_CODE = YES;
				CLANG_WARN__DUPLICATE_METHOD_MATCH = YES;
				COPY_PHASE_STRIP = NO;
				DEBUG_INFORMATION_FORMAT = dwarf;
				ENABLE_STRICT_OBJC_MSGSEND = YES;
				ENABLE_TESTABILITY = YES;
				GCC_C_LANGUAGE_STANDARD = gnu11;
				GCC_DYNAMIC_NO_PIC = NO;
				GCC_NO_COMMON_BLOCKS = YES;
				GCC_OPTIMIZATION_LEVEL = 0;
				GCC_PREPROCESSOR_DEFINITIONS = (
					"DEBUG=1",
					"$(inherited)",
				);
				GCC_WARN_64_TO_32_BIT_CONVERSION = YES;
				GCC_WARN_ABOUT_RETURN_TYPE = YES_ERROR;
				GCC_WARN_UNDECLARED_SELECTOR = YES;
				GCC_WARN_UNINITIALIZED_AUTOS = YES_AGGRESSIVE;
				GCC_WARN_UNUSED_FUNCTION = YES;
				GCC_WARN_UNUSED_VARIABLE = YES;
				MACOSX_DEPLOYMENT_TARGET = 11.5;
				MTL_ENABLE_DEBUG_INFO = INCLUDE_SOURCE;
				MTL_FAST_MATH = YES;
				ONLY_ACTIVE_ARCH = YES;
				SDKROOT = macosx;
				SWIFT_ACTIVE_COMPILATION_CONDITIONS = DEBUG;
				SWIFT_OPTIMIZATION_LEVEL = "-Onone";
			};
			name = Debug;
		};
		CE30282D25305AA200986C9A /* Release */ = {
			isa = XCBuildConfiguration;
			buildSettings = {
				ALWAYS_SEARCH_USER_PATHS = NO;
				CLANG_ANALYZER_LOCALIZABILITY_NONLOCALIZED = YES;
				CLANG_ANALYZER_NONNULL = YES;
				CLANG_ANALYZER_NUMBER_OBJECT_CONVERSION = YES_AGGRESSIVE;
				CLANG_CXX_LANGUAGE_STANDARD = "gnu++14";
				CLANG_CXX_LIBRARY = "libc++";
				CLANG_ENABLE_MODULES = YES;
				CLANG_ENABLE_OBJC_ARC = YES;
				CLANG_ENABLE_OBJC_WEAK = YES;
				CLANG_WARN_BLOCK_CAPTURE_AUTORELEASING = YES;
				CLANG_WARN_BOOL_CONVERSION = YES;
				CLANG_WARN_COMMA = YES;
				CLANG_WARN_CONSTANT_CONVERSION = YES;
				CLANG_WARN_DEPRECATED_OBJC_IMPLEMENTATIONS = YES;
				CLANG_WARN_DIRECT_OBJC_ISA_USAGE = YES_ERROR;
				CLANG_WARN_DOCUMENTATION_COMMENTS = YES;
				CLANG_WARN_EMPTY_BODY = YES;
				CLANG_WARN_ENUM_CONVERSION = YES;
				CLANG_WARN_INFINITE_RECURSION = YES;
				CLANG_WARN_INT_CONVERSION = YES;
				CLANG_WARN_NON_LITERAL_NULL_CONVERSION = YES;
				CLANG_WARN_OBJC_IMPLICIT_RETAIN_SELF = YES;
				CLANG_WARN_OBJC_LITERAL_CONVERSION = YES;
				CLANG_WARN_OBJC_ROOT_CLASS = YES_ERROR;
				CLANG_WARN_QUOTED_INCLUDE_IN_FRAMEWORK_HEADER = YES;
				CLANG_WARN_RANGE_LOOP_ANALYSIS = YES;
				CLANG_WARN_STRICT_PROTOTYPES = YES;
				CLANG_WARN_SUSPICIOUS_MOVE = YES;
				CLANG_WARN_UNGUARDED_AVAILABILITY = YES_AGGRESSIVE;
				CLANG_WARN_UNREACHABLE_CODE = YES;
				CLANG_WARN__DUPLICATE_METHOD_MATCH = YES;
				COPY_PHASE_STRIP = NO;
				DEBUG_INFORMATION_FORMAT = "dwarf-with-dsym";
				ENABLE_NS_ASSERTIONS = NO;
				ENABLE_STRICT_OBJC_MSGSEND = YES;
				GCC_C_LANGUAGE_STANDARD = gnu11;
				GCC_NO_COMMON_BLOCKS = YES;
				GCC_WARN_64_TO_32_BIT_CONVERSION = YES;
				GCC_WARN_ABOUT_RETURN_TYPE = YES_ERROR;
				GCC_WARN_UNDECLARED_SELECTOR = YES;
				GCC_WARN_UNINITIALIZED_AUTOS = YES_AGGRESSIVE;
				GCC_WARN_UNUSED_FUNCTION = YES;
				GCC_WARN_UNUSED_VARIABLE = YES;
				MACOSX_DEPLOYMENT_TARGET = 11.5;
				MTL_ENABLE_DEBUG_INFO = NO;
				MTL_FAST_MATH = YES;
				SDKROOT = macosx;
				SWIFT_COMPILATION_MODE = wholemodule;
				SWIFT_OPTIMIZATION_LEVEL = "-O";
			};
			name = Release;
		};
		CE30282F25305AA200986C9A /* Debug */ = {
			isa = XCBuildConfiguration;
			buildSettings = {
				ALWAYS_EMBED_SWIFT_STANDARD_LIBRARIES = YES;
				ASSETCATALOG_COMPILER_APPICON_NAME = AppIcon;
				ASSETCATALOG_COMPILER_GLOBAL_ACCENT_COLOR_NAME = AccentColor;
				CODE_SIGN_ENTITLEMENTS = Fomalhaut2/Fomalhaut2.entitlements;
				CODE_SIGN_IDENTITY = "Apple Development";
				CODE_SIGN_STYLE = Automatic;
				COMBINE_HIDPI_IMAGES = YES;
				CURRENT_PROJECT_VERSION = 2034;
				DEVELOPMENT_TEAM = W3A6B7FDC7;
				ENABLE_HARDENED_RUNTIME = YES;
				INFOPLIST_FILE = Fomalhaut2/Info.plist;
				LD_RUNPATH_SEARCH_PATHS = (
					"$(inherited)",
					"@executable_path/../Frameworks",
				);
				MARKETING_VERSION = 1.5.0;
				PRODUCT_BUNDLE_IDENTIFIER = net.mtgto.Fomalhaut2;
				PRODUCT_NAME = "$(TARGET_NAME)";
				SWIFT_VERSION = 5.0;
			};
			name = Debug;
		};
		CE30283025305AA200986C9A /* Release */ = {
			isa = XCBuildConfiguration;
			buildSettings = {
				ALWAYS_EMBED_SWIFT_STANDARD_LIBRARIES = YES;
				ASSETCATALOG_COMPILER_APPICON_NAME = AppIcon;
				ASSETCATALOG_COMPILER_GLOBAL_ACCENT_COLOR_NAME = AccentColor;
				CODE_SIGN_ENTITLEMENTS = Fomalhaut2/Fomalhaut2.entitlements;
				CODE_SIGN_IDENTITY = "Apple Development";
				CODE_SIGN_STYLE = Automatic;
				COMBINE_HIDPI_IMAGES = YES;
				CURRENT_PROJECT_VERSION = 2034;
				DEVELOPMENT_TEAM = W3A6B7FDC7;
				ENABLE_HARDENED_RUNTIME = YES;
				INFOPLIST_FILE = Fomalhaut2/Info.plist;
				LD_RUNPATH_SEARCH_PATHS = (
					"$(inherited)",
					"@executable_path/../Frameworks",
				);
				MARKETING_VERSION = 1.5.0;
				PRODUCT_BUNDLE_IDENTIFIER = net.mtgto.Fomalhaut2;
				PRODUCT_NAME = "$(TARGET_NAME)";
				SWIFT_VERSION = 5.0;
			};
			name = Release;
		};
		CE30283225305AA200986C9A /* Debug */ = {
			isa = XCBuildConfiguration;
			buildSettings = {
				ALWAYS_EMBED_SWIFT_STANDARD_LIBRARIES = YES;
				BUNDLE_LOADER = "$(TEST_HOST)";
				CODE_SIGN_STYLE = Automatic;
				COMBINE_HIDPI_IMAGES = YES;
				DEVELOPMENT_TEAM = W3A6B7FDC7;
				INFOPLIST_FILE = Fomalhaut2Tests/Info.plist;
				LD_RUNPATH_SEARCH_PATHS = (
					"$(inherited)",
					"@executable_path/../Frameworks",
					"@loader_path/../Frameworks",
				);
				MACOSX_DEPLOYMENT_TARGET = 11.5;
				PRODUCT_BUNDLE_IDENTIFIER = net.mtgto.Fomalhaut2Tests;
				PRODUCT_NAME = "$(TARGET_NAME)";
				SWIFT_VERSION = 5.0;
				TEST_HOST = "$(BUILT_PRODUCTS_DIR)/Fomalhaut2.app/Contents/MacOS/Fomalhaut2";
			};
			name = Debug;
		};
		CE30283325305AA200986C9A /* Release */ = {
			isa = XCBuildConfiguration;
			buildSettings = {
				ALWAYS_EMBED_SWIFT_STANDARD_LIBRARIES = YES;
				BUNDLE_LOADER = "$(TEST_HOST)";
				CODE_SIGN_STYLE = Automatic;
				COMBINE_HIDPI_IMAGES = YES;
				DEVELOPMENT_TEAM = W3A6B7FDC7;
				INFOPLIST_FILE = Fomalhaut2Tests/Info.plist;
				LD_RUNPATH_SEARCH_PATHS = (
					"$(inherited)",
					"@executable_path/../Frameworks",
					"@loader_path/../Frameworks",
				);
				MACOSX_DEPLOYMENT_TARGET = 11.5;
				PRODUCT_BUNDLE_IDENTIFIER = net.mtgto.Fomalhaut2Tests;
				PRODUCT_NAME = "$(TARGET_NAME)";
				SWIFT_VERSION = 5.0;
				TEST_HOST = "$(BUILT_PRODUCTS_DIR)/Fomalhaut2.app/Contents/MacOS/Fomalhaut2";
			};
			name = Release;
		};
		CEE4D7C325E11B28003B8EB2 /* Debug */ = {
			isa = XCBuildConfiguration;
			buildSettings = {
				APPLICATION_EXTENSION_API_ONLY = YES;
				CODE_SIGN_IDENTITY = "";
				CODE_SIGN_STYLE = Automatic;
				COMBINE_HIDPI_IMAGES = YES;
				CURRENT_PROJECT_VERSION = 1;
				DEFINES_MODULE = YES;
				DEVELOPMENT_TEAM = W3A6B7FDC7;
				DYLIB_COMPATIBILITY_VERSION = 1;
				DYLIB_CURRENT_VERSION = 1;
				DYLIB_INSTALL_NAME_BASE = "@rpath";
				INFOPLIST_FILE = Shared/Info.plist;
				INSTALL_PATH = "$(LOCAL_LIBRARY_DIR)/Frameworks";
				LD_RUNPATH_SEARCH_PATHS = (
					"$(inherited)",
					"@executable_path/../Frameworks",
					"@loader_path/Frameworks",
				);
				PRODUCT_BUNDLE_IDENTIFIER = net.mtgto.Shared;
				PRODUCT_NAME = "$(TARGET_NAME:c99extidentifier)";
				SKIP_INSTALL = YES;
				SWIFT_VERSION = 5.0;
				VERSIONING_SYSTEM = "apple-generic";
				VERSION_INFO_PREFIX = "";
			};
			name = Debug;
		};
		CEE4D7C425E11B28003B8EB2 /* Release */ = {
			isa = XCBuildConfiguration;
			buildSettings = {
				APPLICATION_EXTENSION_API_ONLY = YES;
				CODE_SIGN_IDENTITY = "";
				CODE_SIGN_STYLE = Automatic;
				COMBINE_HIDPI_IMAGES = YES;
				CURRENT_PROJECT_VERSION = 1;
				DEFINES_MODULE = YES;
				DEVELOPMENT_TEAM = W3A6B7FDC7;
				DYLIB_COMPATIBILITY_VERSION = 1;
				DYLIB_CURRENT_VERSION = 1;
				DYLIB_INSTALL_NAME_BASE = "@rpath";
				INFOPLIST_FILE = Shared/Info.plist;
				INSTALL_PATH = "$(LOCAL_LIBRARY_DIR)/Frameworks";
				LD_RUNPATH_SEARCH_PATHS = (
					"$(inherited)",
					"@executable_path/../Frameworks",
					"@loader_path/Frameworks",
				);
				PRODUCT_BUNDLE_IDENTIFIER = net.mtgto.Shared;
				PRODUCT_NAME = "$(TARGET_NAME:c99extidentifier)";
				SKIP_INSTALL = YES;
				SWIFT_VERSION = 5.0;
				VERSIONING_SYSTEM = "apple-generic";
				VERSION_INFO_PREFIX = "";
			};
			name = Release;
		};
		CEF8C99025E4E1E9005347BF /* Debug */ = {
			isa = XCBuildConfiguration;
			buildSettings = {
				CODE_SIGN_ENTITLEMENTS = Fomalhaut2QuickLook/Fomalhaut2QuickLook.entitlements;
				CODE_SIGN_IDENTITY = "Apple Development";
				CODE_SIGN_STYLE = Automatic;
				CURRENT_PROJECT_VERSION = 2034;
				DEVELOPMENT_TEAM = W3A6B7FDC7;
				ENABLE_HARDENED_RUNTIME = YES;
				INFOPLIST_FILE = Fomalhaut2QuickLook/Info.plist;
				LD_RUNPATH_SEARCH_PATHS = (
					"$(inherited)",
					"@executable_path/../Frameworks",
					"@executable_path/../../../../Frameworks",
				);
				MARKETING_VERSION = 1.5.0;
				PRODUCT_BUNDLE_IDENTIFIER = net.mtgto.Fomalhaut2.Fomalhaut2QuickLook;
				PRODUCT_NAME = "$(TARGET_NAME)";
				SKIP_INSTALL = YES;
				SWIFT_VERSION = 5.0;
			};
			name = Debug;
		};
		CEF8C99125E4E1E9005347BF /* Release */ = {
			isa = XCBuildConfiguration;
			buildSettings = {
				CODE_SIGN_ENTITLEMENTS = Fomalhaut2QuickLook/Fomalhaut2QuickLook.entitlements;
				CODE_SIGN_IDENTITY = "Apple Development";
				CODE_SIGN_STYLE = Automatic;
				CURRENT_PROJECT_VERSION = 2034;
				DEVELOPMENT_TEAM = W3A6B7FDC7;
				ENABLE_HARDENED_RUNTIME = YES;
				INFOPLIST_FILE = Fomalhaut2QuickLook/Info.plist;
				LD_RUNPATH_SEARCH_PATHS = (
					"$(inherited)",
					"@executable_path/../Frameworks",
					"@executable_path/../../../../Frameworks",
				);
				MARKETING_VERSION = 1.5.0;
				PRODUCT_BUNDLE_IDENTIFIER = net.mtgto.Fomalhaut2.Fomalhaut2QuickLook;
				PRODUCT_NAME = "$(TARGET_NAME)";
				SKIP_INSTALL = YES;
				SWIFT_VERSION = 5.0;
			};
			name = Release;
		};
/* End XCBuildConfiguration section */

/* Begin XCConfigurationList section */
		CE30280125305AA000986C9A /* Build configuration list for PBXProject "Fomalhaut2" */ = {
			isa = XCConfigurationList;
			buildConfigurations = (
				CE30282C25305AA200986C9A /* Debug */,
				CE30282D25305AA200986C9A /* Release */,
			);
			defaultConfigurationIsVisible = 0;
			defaultConfigurationName = Release;
		};
		CE30282E25305AA200986C9A /* Build configuration list for PBXNativeTarget "Fomalhaut2" */ = {
			isa = XCConfigurationList;
			buildConfigurations = (
				CE30282F25305AA200986C9A /* Debug */,
				CE30283025305AA200986C9A /* Release */,
			);
			defaultConfigurationIsVisible = 0;
			defaultConfigurationName = Release;
		};
		CE30283125305AA200986C9A /* Build configuration list for PBXNativeTarget "Fomalhaut2Tests" */ = {
			isa = XCConfigurationList;
			buildConfigurations = (
				CE30283225305AA200986C9A /* Debug */,
				CE30283325305AA200986C9A /* Release */,
			);
			defaultConfigurationIsVisible = 0;
			defaultConfigurationName = Release;
		};
		CEE4D7C225E11B28003B8EB2 /* Build configuration list for PBXNativeTarget "Shared" */ = {
			isa = XCConfigurationList;
			buildConfigurations = (
				CEE4D7C325E11B28003B8EB2 /* Debug */,
				CEE4D7C425E11B28003B8EB2 /* Release */,
			);
			defaultConfigurationIsVisible = 0;
			defaultConfigurationName = Release;
		};
		CEF8C99225E4E1E9005347BF /* Build configuration list for PBXNativeTarget "Fomalhaut2QuickLook" */ = {
			isa = XCConfigurationList;
			buildConfigurations = (
				CEF8C99025E4E1E9005347BF /* Debug */,
				CEF8C99125E4E1E9005347BF /* Release */,
			);
			defaultConfigurationIsVisible = 0;
			defaultConfigurationName = Release;
		};
/* End XCConfigurationList section */

/* Begin XCRemoteSwiftPackageReference section */
		CE296BCB2530671700674C99 /* XCRemoteSwiftPackageReference "ZIPFoundation" */ = {
			isa = XCRemoteSwiftPackageReference;
			repositoryURL = "https://github.com/weichsel/ZIPFoundation.git";
			requirement = {
				kind = upToNextMinorVersion;
				minimumVersion = 0.9.11;
			};
		};
		CE296C2F2530A4E400674C99 /* XCRemoteSwiftPackageReference "RxSwift" */ = {
			isa = XCRemoteSwiftPackageReference;
			repositoryURL = "https://github.com/ReactiveX/RxSwift.git";
			requirement = {
				kind = upToNextMinorVersion;
				minimumVersion = 6.5.0;
			};
		};
		CE4641A825EA7F33004F0F0D /* XCRemoteSwiftPackageReference "RxRealm" */ = {
			isa = XCRemoteSwiftPackageReference;
			repositoryURL = "https://github.com/RxSwiftCommunity/RxRealm.git";
			requirement = {
				kind = upToNextMinorVersion;
				minimumVersion = 5.0.1;
			};
		};
		CE9EE5E92532C53100B5AF5C /* XCRemoteSwiftPackageReference "XCGLogger" */ = {
			isa = XCRemoteSwiftPackageReference;
			repositoryURL = "https://github.com/DaveWoodCom/XCGLogger.git";
			requirement = {
				kind = upToNextMinorVersion;
				minimumVersion = 7.0.1;
			};
		};
		CE9FB337258EF8DF00AE8F7A /* XCRemoteSwiftPackageReference "Swiftra" */ = {
			isa = XCRemoteSwiftPackageReference;
			repositoryURL = "https://github.com/mtgto/Swiftra.git";
			requirement = {
				kind = upToNextMinorVersion;
				minimumVersion = 0.5.0;
			};
		};
		CEAD7A0F25A494EC00927D10 /* XCRemoteSwiftPackageReference "Unrar.swift" */ = {
			isa = XCRemoteSwiftPackageReference;
			repositoryURL = "https://github.com/mtgto/Unrar.swift.git";
			requirement = {
				kind = upToNextMinorVersion;
				minimumVersion = 0.3.0;
			};
		};
		CEEBAE5E2721A18B0048034E /* XCRemoteSwiftPackageReference "SevenZip" */ = {
			isa = XCRemoteSwiftPackageReference;
			repositoryURL = "https://github.com/mtgto/SevenZip.swift";
			requirement = {
				kind = upToNextMinorVersion;
				minimumVersion = 0.1.0;
			};
		};
/* End XCRemoteSwiftPackageReference section */

/* Begin XCSwiftPackageProductDependency section */
		CE4641A925EA7F33004F0F0D /* RxRealm */ = {
			isa = XCSwiftPackageProductDependency;
			package = CE4641A825EA7F33004F0F0D /* XCRemoteSwiftPackageReference "RxRealm" */;
			productName = RxRealm;
		};
		CE4641AF25EA7F79004F0F0D /* RxCocoa */ = {
			isa = XCSwiftPackageProductDependency;
			package = CE296C2F2530A4E400674C99 /* XCRemoteSwiftPackageReference "RxSwift" */;
			productName = RxCocoa;
		};
		CE4641B125EA7F79004F0F0D /* RxSwift */ = {
			isa = XCSwiftPackageProductDependency;
			package = CE296C2F2530A4E400674C99 /* XCRemoteSwiftPackageReference "RxSwift" */;
			productName = RxSwift;
		};
		CE4641B525EA7F91004F0F0D /* RxCocoa */ = {
			isa = XCSwiftPackageProductDependency;
			package = CE296C2F2530A4E400674C99 /* XCRemoteSwiftPackageReference "RxSwift" */;
			productName = RxCocoa;
		};
		CE4641B725EA7F91004F0F0D /* RxSwift */ = {
			isa = XCSwiftPackageProductDependency;
			package = CE296C2F2530A4E400674C99 /* XCRemoteSwiftPackageReference "RxSwift" */;
			productName = RxSwift;
		};
		CE9FB338258EF8E000AE8F7A /* Swiftra */ = {
			isa = XCSwiftPackageProductDependency;
			package = CE9FB337258EF8DF00AE8F7A /* XCRemoteSwiftPackageReference "Swiftra" */;
			productName = Swiftra;
		};
		CEE4D7D125E11B81003B8EB2 /* ZIPFoundation */ = {
			isa = XCSwiftPackageProductDependency;
			package = CE296BCB2530671700674C99 /* XCRemoteSwiftPackageReference "ZIPFoundation" */;
			productName = ZIPFoundation;
		};
		CEE4D7D325E11B81003B8EB2 /* Unrar */ = {
			isa = XCSwiftPackageProductDependency;
			package = CEAD7A0F25A494EC00927D10 /* XCRemoteSwiftPackageReference "Unrar.swift" */;
			productName = Unrar;
		};
		CEE4D7E425E11C23003B8EB2 /* XCGLogger */ = {
			isa = XCSwiftPackageProductDependency;
			package = CE9EE5E92532C53100B5AF5C /* XCRemoteSwiftPackageReference "XCGLogger" */;
			productName = XCGLogger;
		};
		CEEBAE612721A25D0048034E /* SevenZip */ = {
			isa = XCSwiftPackageProductDependency;
			package = CEEBAE5E2721A18B0048034E /* XCRemoteSwiftPackageReference "SevenZip" */;
			productName = SevenZip;
		};
/* End XCSwiftPackageProductDependency section */
	};
	rootObject = CE3027FE25305AA000986C9A /* Project object */;
}
