{
  "object": {
    "pins": [
      {
        "package": "Realm",
        "repositoryURL": "https://github.com/realm/realm-cocoa.git",
        "state": {
          "branch": null,
          "revision": "ae8e646590396dfc13c1abbf8aa2e48c43766dce",
          "version": "10.7.2"
        }
      },
      {
        "package": "RealmDatabase",
        "repositoryURL": "https://github.com/realm/realm-core",
        "state": {
          "branch": null,
          "revision": "bab46acdca91c417a0d4849b8f4992a3c17e29a5",
          "version": "10.5.5"
        }
      },
      {
        "package": "RxRealm",
        "repositoryURL": "https://github.com/RxSwiftCommunity/RxRealm.git",
        "state": {
          "branch": null,
          "revision": "7eef1d1ba130627af7d140682f912c89830cf1eb",
          "version": "5.0.1"
        }
      },
      {
        "package": "RxSwift",
        "repositoryURL": "https://github.com/ReactiveX/RxSwift.git",
        "state": {
          "branch": null,
          "revision": "7e01c05f25c025143073eaa3be3532f9375c614b",
          "version": "6.1.0"
        }
      },
      {
        "package": "swift-nio",
        "repositoryURL": "https://github.com/apple/swift-nio.git",
        "state": {
          "branch": null,
          "revision": "3be4e0980075de10a4bc8dee07491d49175cfd7a",
          "version": "2.27.0"
        }
      },
      {
        "package": "Swiftra",
        "repositoryURL": "https://github.com/mtgto/Swiftra.git",
        "state": {
          "branch": null,
          "revision": "30ceb8cbc069453a38a7484f780a87cbdc61a09f",
          "version": "0.4.0"
        }
      },
      {
        "package": "Unrar",
        "repositoryURL": "https://github.com/mtgto/Unrar.swift.git",
        "state": {
          "branch": null,
          "revision": "983e95c2ee17f385f8b13c399698ad5085572c7b",
          "version": "0.3.2"
        }
      },
      {
        "package": "XCGLogger",
        "repositoryURL": "https://github.com/DaveWoodCom/XCGLogger.git",
        "state": {
          "branch": null,
          "revision": "a9c4667b247928a29bdd41be2ec2c8d304215a54",
          "version": "7.0.1"
        }
      },
      {
        "package": "ZIPFoundation",
        "repositoryURL": "https://github.com/weichsel/ZIPFoundation.git",
        "state": {
          "branch": null,
          "revision": "cf10bbff6ac3b873e97b36b9784c79866a051a8e",
          "version": "0.9.12"
        }
      }
    ]
  },
  "version": 1
}
