{
  "object": {
    "pins": [
      {
        "package": "Realm",
        "repositoryURL": "https://github.com/realm/realm-cocoa.git",
        "state": {
          "branch": null,
          "revision": "9dff9f2862240d521ad6ad599541269177ddb993",
          "version": "10.22.0"
        }
      },
      {
        "package": "RealmDatabase",
        "repositoryURL": "https://github.com/realm/realm-core",
        "state": {
          "branch": null,
          "revision": "6b81f1a7a2d421f9e0b9e7f04e76bcf736a54409",
          "version": "11.9.0"
        }
      },
      {
        "package": "RxRealm",
        "repositoryURL": "https://github.com/RxSwiftCommunity/RxRealm.git",
        "state": {
          "branch": null,
          "revision": "63d00c6349b31d4e26fd5b5a5e428400b6b91356",
          "version": "5.0.4"
        }
      },
      {
        "package": "RxSwift",
        "repositoryURL": "https://github.com/ReactiveX/RxSwift.git",
        "state": {
          "branch": null,
          "revision": "b4307ba0b6425c0ba4178e138799946c3da594f8",
          "version": "6.5.0"
        }
      },
      {
        "package": "SevenZip",
        "repositoryURL": "https://github.com/mtgto/SevenZip.swift",
        "state": {
          "branch": null,
          "revision": "1b54d6767ab3373c0ceb438a79d02d6c3dca49f8",
          "version": "0.1.1"
        }
      },
      {
        "package": "swift-nio",
        "repositoryURL": "https://github.com/apple/swift-nio.git",
        "state": {
          "branch": null,
          "revision": "154f1d32366449dcccf6375a173adf4ed2a74429",
          "version": "2.38.0"
        }
      },
      {
        "package": "Swiftra",
        "repositoryURL": "https://github.com/mtgto/Swiftra.git",
        "state": {
          "branch": null,
          "revision": "390f4bc765acf0fc5c0cc3632b153b2142bf9ce8",
          "version": "0.5.0"
        }
      },
      {
        "package": "Unrar",
        "repositoryURL": "https://github.com/mtgto/Unrar.swift.git",
        "state": {
          "branch": null,
          "revision": "64e42cc434ab609924ed0b5488253bf79c4af190",
          "version": "0.3.7"
        }
      },
      {
        "package": "XCGLogger",
        "repositoryURL": "https://github.com/DaveWoodCom/XCGLogger.git",
        "state": {
          "branch": null,
          "revision": "a9c4667b247928a29bdd41be2ec2c8d304215a54",
          "version": "7.0.1"
        }
      },
      {
        "package": "ZIPFoundation",
        "repositoryURL": "https://github.com/weichsel/ZIPFoundation.git",
        "state": {
          "branch": null,
          "revision": "7254c74b49cec2cb81520523ba993c671f71b066",
          "version": "0.9.14"
        }
      }
    ]
  },
  "version": 1
}
