<?xml version="1.0" encoding="UTF-8"?>
<Scheme
   LastUpgradeVersion = "1210"
   version = "1.7">
   <BuildAction
      parallelizeBuildables = "YES"
      buildImplicitDependencies = "YES">
      <BuildActionEntries>
         <BuildActionEntry
            buildForTesting = "YES"
            buildForRunning = "YES"
            buildForProfiling = "YES"
            buildForArchiving = "YES"
            buildForAnalyzing = "YES">
            <BuildableReference
               BuildableIdentifier = "primary"
               BlueprintIdentifier = "CE30280525305AA000986C9A"
               BuildableName = "Fomalhaut2.app"
               BlueprintName = "Fomalhaut2"
               ReferencedContainer = "container:Fomalhaut2.xcodeproj">
            </BuildableReference>
         </BuildActionEntry>
      </BuildActionEntries>
   </BuildAction>
   <TestAction
      buildConfiguration = "Debug"
      selectedDebuggerIdentifier = "Xcode.DebuggerFoundation.Debugger.LLDB"
      selectedLauncherIdentifier = "Xcode.DebuggerFoundation.Launcher.LLDB"
      shouldUseLaunchSchemeArgsEnv = "YES">
      <Testables>
         <TestableReference
            skipped = "NO">
            <BuildableReference
               BuildableIdentifier = "primary"
               BlueprintIdentifier = "CE30281925305AA200986C9A"
               BuildableName = "Fomalhaut2Tests.xctest"
               BlueprintName = "Fomalhaut2Tests"
               ReferencedContainer = "container:Fomalhaut2.xcodeproj">
            </BuildableReference>
         </TestableReference>
         <TestableReference
            skipped = "NO">
            <BuildableReference
               BuildableIdentifier = "primary"
               BlueprintIdentifier = "CE30282425305AA200986C9A"
               BuildableName = "Fomalhaut2UITests.xctest"
               BlueprintName = "Fomalhaut2UITests"
               ReferencedContainer = "container:Fomalhaut2.xcodeproj">
            </BuildableReference>
         </TestableReference>
      </Testables>
   </TestAction>
   <LaunchAction
      buildConfiguration = "Debug"
      selectedDebuggerIdentifier = "Xcode.DebuggerFoundation.Debugger.LLDB"
      selectedLauncherIdentifier = "Xcode.DebuggerFoundation.Launcher.LLDB"
      launchStyle = "0"
      useCustomWorkingDirectory = "NO"
      ignoresPersistentStateOnLaunch = "NO"
      debugDocumentVersioning = "YES"
      debugServiceExtension = "internal"
      allowLocationSimulation = "YES">
      <BuildableProductRunnable
         runnableDebuggingMode = "0">
         <BuildableReference
            BuildableIdentifier = "primary"
            BlueprintIdentifier = "CE30280525305AA000986C9A"
            BuildableName = "Fomalhaut2.app"
            BlueprintName = "Fomalhaut2"
            ReferencedContainer = "container:Fomalhaut2.xcodeproj">
         </BuildableReference>
      </BuildableProductRunnable>
      <EnvironmentVariables>
         <EnvironmentVariable
            key = "REALM_DISABLE_ANALYTICS"
            value = "1"
            isEnabled = "YES">
         </EnvironmentVariable>
      </EnvironmentVariables>
   </LaunchAction>
   <ProfileAction
      buildConfiguration = "Release"
      shouldUseLaunchSchemeArgsEnv = "YES"
      savedToolIdentifier = ""
      useCustomWorkingDirectory = "NO"
      debugDocumentVersioning = "YES">
      <BuildableProductRunnable
         runnableDebuggingMode = "0">
         <BuildableReference
            BuildableIdentifier = "primary"
            BlueprintIdentifier = "CE30280525305AA000986C9A"
            BuildableName = "Fomalhaut2.app"
            BlueprintName = "Fomalhaut2"
            ReferencedContainer = "container:Fomalhaut2.xcodeproj">
         </BuildableReference>
      </BuildableProductRunnable>
   </ProfileAction>
   <AnalyzeAction
      buildConfiguration = "Debug">
   </AnalyzeAction>
   <ArchiveAction
      buildConfiguration = "Release"
      revealArchiveInOrganizer = "YES">
      <PostActions>
         <ExecutionAction
            ActionType = "Xcode.IDEStandardExecutionActionsCore.ExecutionActionType.ShellScriptAction">
            <ActionContent
               title = "Run Script"
               scriptText = "# altool credentials.&#10;# AC_PASSWORD is the name of the keychain item with App Connect password&#10;# Grant access to Xcode if prompted by Xcode.&#10;AC_USERNAME=&quot;hogerappa@gmail.com&quot;&#10;AC_PASSWORD=&quot;AC_PASSWORD&quot;&#10;&#10;&#10;# Do all of the work in a subdirectory of /tmp, and use a&#10;# unique ID so that there&apos;s no collision with previous builds.&#10;EXPORT_UUID=`uuidgen`&#10;EXPORT_PATH=&quot;/tmp/$PRODUCT_NAME-$EXPORT_UUID/&quot;&#10;APP_PATH=&quot;$EXPORT_PATH/$PRODUCT_NAME.app&quot;&#10;DMG_PATH=&quot;$EXPORT_PATH/$PRODUCT_NAME-$MARKETING_VERSION.dmg&quot;&#10;&#10;&#10;# Xcode doesn&apos;t show run script errors in build log.&#10;# Uncomment to save any messages aside.&#10;# exec &gt; &quot;/tmp/Xcode run script.log&quot; 2&gt;&amp;1&#10;&#10;&#10;# Use osascript(1) to present notification banners; otherwise&#10;# there is no indication of progress until the scripts finish.&#10;&#10;&#10;/usr/bin/osascript -e &apos;display notification &quot;Exporting application archive&#x2026;&quot; with title &quot;Submitting app for notarization&quot;&apos;&#10;&#10;&#10;# Ask xcodebuild(1) to export the app. Use the export options&#10;# from a previous manual export that used a Developer ID.&#10;&#10;&#10;/usr/bin/xcodebuild -exportArchive -archivePath &quot;$ARCHIVE_PATH&quot; -exportOptionsPlist &quot;$SRCROOT/ExportOptions.plist&quot; -exportPath &quot;$EXPORT_PATH&quot;&#10;&#10;&#10;osascript -e &apos;display notification &quot;Creating UDIF Disk Image&#x2026;&quot; with title &quot;Submitting app for notarization&quot;&apos;&#10;&#10;&#10;# Create a UDIF bzip2-compressed disk image.&#10;cd &quot;$EXPORT_PATH/&quot;&#10;mkdir &quot;$PRODUCT_NAME&quot;&#10;mv &quot;$APP_PATH&quot; &quot;$PRODUCT_NAME&quot;&#10;&#10;&#10;/usr/bin/hdiutil create -srcfolder &quot;$PRODUCT_NAME&quot; -format UDBZ &quot;$DMG_PATH&quot;&#10;&#10;&#10;osascript -e &apos;display notification &quot;Submitting UDIF Disk Image for notarization&#x2026;&quot; with title &quot;Submitting app for notarization&quot;&apos;&#10;&#10;&#10;# Submit the finished deliverables for notarization. The &quot;--primary-bundle-id&quot; &#10;# argument is only used for the response email. &#10;&quot;$DEVELOPER_BIN_DIR/altool&quot; --notarize-app --primary-bundle-id ${PRODUCT_BUNDLE_IDENTIFIER}.dmg -u &quot;$AC_USERNAME&quot; -p &quot;@keychain:$AC_PASSWORD&quot; -f &quot;$DMG_PATH&quot; &gt; &quot;NotarizationUUIDs.log&quot; 2&gt;&amp;1&#10;&#10;osascript -e &apos;display notification &quot;&#x2026;done!&quot; with title &quot;Submitting app for notarization&quot; sound name &quot;Purr&quot;&apos;&#10;&#10;&#10;# Open the folder that was created to signal that the script is done.&#10;open &quot;$EXPORT_PATH&quot;&#10;">
               <EnvironmentBuildable>
                  <BuildableReference
                     BuildableIdentifier = "primary"
                     BlueprintIdentifier = "CE30280525305AA000986C9A"
                     BuildableName = "Fomalhaut2.app"
                     BlueprintName = "Fomalhaut2"
                     ReferencedContainer = "container:Fomalhaut2.xcodeproj">
                  </BuildableReference>
               </EnvironmentBuildable>
            </ActionContent>
         </ExecutionAction>
      </PostActions>
   </ArchiveAction>
</Scheme>
